PODS:
  - AEXML (4.0.0)
  - Bolts (1.8.4):
    - Bolts/AppLinks (= 1.8.4)
    - Bolts/Tasks (= 1.8.4)
  - Bolts/AppLinks (1.8.4):
    - Bolts/Tasks
  - Bolts/Tasks (1.8.4)
  - CLabsImageSlider (0.1.2)
  - FacebookCore (0.3.0):
    - Bolts (~> 1.8)
    - FBSDKCoreKit (~> 4.27)
  - FacebookLogin (0.3.0):
    - Bolts (~> 1.8)
    - FacebookCore (~> 0.3)
    - FBSDKCoreKit (~> 4.27)
    - FBSDKLoginKit (~> 4.27)
  - FacebookShare (0.3.0):
    - Bolts (~> 1.8)
    - FacebookCore (~> 0.3)
    - FBSDKCoreKit (~> 4.27)
    - FBSDKShareKit (~> 4.27)
  - FBSDKCoreKit (4.27.1):
    - Bolts (~> 1.7)
  - FBSDKLoginKit (4.27.1):
    - FBSDKCoreKit
  - FBSDKShareKit (4.27.1):
    - FBSDKCoreKit
  - Firebase/Auth (4.4.0):
    - Firebase/Core
    - FirebaseAuth (= 4.3.0)
  - Firebase/Core (4.4.0):
    - FirebaseAnalytics (= 4.0.4)
    - FirebaseCore (= 4.0.9)
  - Firebase/Database (4.4.0):
    - Firebase/Core
    - FirebaseDatabase (= 4.1.1)
  - FirebaseAnalytics (4.0.4):
    - FirebaseCore (~> 4.0)
    - FirebaseInstanceID (~> 2.0)
    - GoogleToolboxForMac/NSData+zlib (~> 2.1)
    - nanopb (~> 0.3)
  - FirebaseAuth (4.3.0):
    - FirebaseAnalytics (~> 4.0)
    - GoogleToolboxForMac/NSDictionary+URLArguments (~> 2.1)
    - GTMSessionFetcher/Core (~> 1.1)
  - FirebaseCore (4.0.9):
    - GoogleToolboxForMac/NSData+zlib (~> 2.1)
    - nanopb (~> 0.3)
  - FirebaseDatabase (4.1.1):
    - FirebaseAnalytics (~> 4.0)
    - FirebaseCore (~> 4.0)
    - leveldb-library (~> 1.18)
  - FirebaseInstanceID (2.0.5)
  - FolioReaderKit (1.2.0):
    - AEXML (= 4.0)
    - FontBlaster (= 3.0.0)
    - JSQWebViewController (~> 5.0)
    - MenuItemKit (= 2.0)
    - RealmSwift (~> 2.7)
    - SSZipArchive (~> 1.8)
    - ZFDragableModalTransition (~> 0.6)
  - FontBlaster (3.0.0)
  - Google-Mobile-Ads-SDK (7.24.1)
  - GoogleToolboxForMac/DebugUtils (2.1.3):
    - GoogleToolboxForMac/Defines (= 2.1.3)
  - GoogleToolboxForMac/Defines (2.1.3)
  - GoogleToolboxForMac/NSData+zlib (2.1.3):
    - GoogleToolboxForMac/Defines (= 2.1.3)
  - GoogleToolboxForMac/NSDictionary+URLArguments (2.1.3):
    - GoogleToolboxForMac/DebugUtils (= 2.1.3)
    - GoogleToolboxForMac/Defines (= 2.1.3)
    - GoogleToolboxForMac/NSString+URLArguments (= 2.1.3)
  - GoogleToolboxForMac/NSString+URLArguments (2.1.3)
  - GTMSessionFetcher/Core (1.1.12)
  - JSQWebViewController (5.0.0)
  - KeychainSwift (9.0.2)
  - leveldb-library (1.18.3)
  - MenuItemKit (2.0)
  - nanopb (0.3.8):
    - nanopb/decode (= 0.3.8)
    - nanopb/encode (= 0.3.8)
  - nanopb/decode (0.3.8)
  - nanopb/encode (0.3.8)
  - Realm (2.10.2):
    - Realm/Headers (= 2.10.2)
  - Realm/Headers (2.10.2)
  - RealmSwift (2.10.2):
    - Realm (= 2.10.2)
  - SSZipArchive (1.8.1)
  - ZFDragableModalTransition (0.6)

DEPENDENCIES:
  - CLabsImageSlider (~> 0.1.2)
  - FacebookCore
  - FacebookLogin
  - FacebookShare
  - Firebase/Auth
  - Firebase/Core
  - Firebase/Database
  - FolioReaderKit
  - Google-Mobile-Ads-SDK
  - KeychainSwift (~> 9.0)

SPEC CHECKSUMS:
  AEXML: 6fc6433aa35bdc15dd8eb8d54eb7aa4520a010eb
  Bolts: 8a7995239dbe724f9cba2248b766d48b7ebdd322
  CLabsImageSlider: 49c296c17e2fb15f1abe8b5dd6157927912abb7c
  FacebookCore: 3ffa190a3f1f96cec0e44d3fc221bc322c595ffa
  FacebookLogin: 0af839ea858faef99550d16596b87b4a8e8906e6
  FacebookShare: 0469964297ebd75f052be2c5083389a4208e82b7
  FBSDKCoreKit: 03365dad5d790249196ffad8be4f6d8a2d98f932
  FBSDKLoginKit: 66ff53b73cffd967ab773e32fac39e90a60e6d46
  FBSDKShareKit: 6a6a0ef9e850c741e4e1d7a7d21335205e997ec1
  Firebase: 3e92884a63e8f76d107c43a67d2ab9071e1eda10
  FirebaseAnalytics: 722b53c7b32bfc7806b06e0093a2f5180d4f2c5a
  FirebaseAuth: e0087d479709b20b9613b804704a928d6eafb052
  FirebaseCore: ebe73f64302705e693b1de9919a76edbdd17a19d
  FirebaseDatabase: 2e6e8e110b93b9a6e7aac71774c769a363035cb1
  FirebaseInstanceID: f2b688c66b972f30d7fa9f5f9f91455454a03b47
  FolioReaderKit: d902cb93f79e1d32f7d8bdb730fee6c1d05d1a6f
  FontBlaster: 0f4a3e2f965968e2dfc3f7f5cec7214c3f3b2f07
  Google-Mobile-Ads-SDK: ed8004a7265b424568dc84f3d2bbe3ea3fff958f
  GoogleToolboxForMac: 2501e2ad72a52eb3dfe7bd9aee7dad11b858bd20
  GTMSessionFetcher: ebaa1f79a5366922c1735f1566901f50beba23b7
  JSQWebViewController: 0461aa42612b221571556df61d9c09f080cb2eef
  KeychainSwift: 3ab1d428d0dbff59cd056f1d0bfc640b36c2b081
  leveldb-library: 10fb39c39e243db4af1828441162405bbcec1404
  MenuItemKit: 9af69953dc983803ee85230e205fadbac0f26213
  nanopb: 5601e6bca2dbf1ed831b519092ec110f66982ca3
  Realm: 0ef72b837fb67e9f4b098bac771ddd72c7fdbb69
  RealmSwift: 07a9ae0505091eda6b2ee7c190c3786d6e90a7b0
  SSZipArchive: 04547dfa448be5ed7ecbaf7eaf8a6e9eb9b42997
  ZFDragableModalTransition: 0d294eaaba6edfcb9839595de765f9ca06a4b524

PODFILE CHECKSUM: 479a1c32f8e325bad1b0741f5ace818822ce8556

COCOAPODS: 1.2.1
