// !$*UTF8*$!
{
	archiveVersion = 1;
	classes = {
	};
	objectVersion = 48;
	objects = {

/* Begin PBXBuildFile section */
		4B7069F9E91F990C52B2571F /* Pods_QuitSmokingTogether.framework in Frameworks */ = {isa = PBXBuildFile; fileRef = 7C0412BE51CB560767C46C63 /* Pods_QuitSmokingTogether.framework */; };
		C40F53431F9CE1C800DE58A1 /* ReaderText.swift in Sources */ = {isa = PBXBuildFile; fileRef = C40F53421F9CE1C800DE58A1 /* ReaderText.swift */; };
		C410E7CE1F97BC5B00EEFB7B /* UIView+IBInspectable.swift in Sources */ = {isa = PBXBuildFile; fileRef = C410E7CD1F97BC5B00EEFB7B /* UIView+IBInspectable.swift */; };
		C410E7D01F97BEB200EEFB7B /* UIButton+IBInspectable.swift in Sources */ = {isa = PBXBuildFile; fileRef = C410E7CF1F97BEB200EEFB7B /* UIButton+IBInspectable.swift */; };
		C410E7D41F97C67E00EEFB7B /* MessagesManager.swift in Sources */ = {isa = PBXBuildFile; fileRef = C410E7D31F97C67E00EEFB7B /* MessagesManager.swift */; };
		C415AA8B1FE16B6500BC5365 /* Donate.storyboard in Resources */ = {isa = PBXBuildFile; fileRef = C415AA8A1FE16B6500BC5365 /* Donate.storyboard */; };
		C415AA8E1FE16C3600BC5365 /* Share.storyboard in Resources */ = {isa = PBXBuildFile; fileRef = C415AA8D1FE16C3600BC5365 /* Share.storyboard */; };
		C415AA901FE16CA900BC5365 /* FaqAnswer.storyboard in Resources */ = {isa = PBXBuildFile; fileRef = C415AA8F1FE16CA900BC5365 /* FaqAnswer.storyboard */; };
		C415AA921FE16CFB00BC5365 /* FaqList.storyboard in Resources */ = {isa = PBXBuildFile; fileRef = C415AA911FE16CFB00BC5365 /* FaqList.storyboard */; };
		C415AA941FE16D7C00BC5365 /* Contacts.storyboard in Resources */ = {isa = PBXBuildFile; fileRef = C415AA931FE16D7C00BC5365 /* Contacts.storyboard */; };
		C415AA961FE16E1C00BC5365 /* Advice.storyboard in Resources */ = {isa = PBXBuildFile; fileRef = C415AA951FE16E1C00BC5365 /* Advice.storyboard */; };
		C415AA981FE16E6900BC5365 /* Overview.storyboard in Resources */ = {isa = PBXBuildFile; fileRef = C415AA971FE16E6900BC5365 /* Overview.storyboard */; };
		C415AA9A1FE16EF500BC5365 /* RemoveAdvert.storyboard in Resources */ = {isa = PBXBuildFile; fileRef = C415AA991FE16EF500BC5365 /* RemoveAdvert.storyboard */; };
		C415AA9C1FE16F6500BC5365 /* Reader.storyboard in Resources */ = {isa = PBXBuildFile; fileRef = C415AA9B1FE16F6500BC5365 /* Reader.storyboard */; };
		C415AA9E1FE16FCE00BC5365 /* EventsList.storyboard in Resources */ = {isa = PBXBuildFile; fileRef = C415AA9D1FE16FCE00BC5365 /* EventsList.storyboard */; };
		C41B6F0C1FA2486B00B40F93 /* UIViewController+hideKeyboard.swift in Sources */ = {isa = PBXBuildFile; fileRef = C41B6F0B1FA2486B00B40F93 /* UIViewController+hideKeyboard.swift */; };
		C4258F041FC4522B009FCBC8 /* DonateVC.swift in Sources */ = {isa = PBXBuildFile; fileRef = C4258F031FC4522B009FCBC8 /* DonateVC.swift */; };
		C4258F061FC46184009FCBC8 /* Browser.swift in Sources */ = {isa = PBXBuildFile; fileRef = C4258F051FC46184009FCBC8 /* Browser.swift */; };
		C4258F081FC463B4009FCBC8 /* AboutVC.swift in Sources */ = {isa = PBXBuildFile; fileRef = C4258F071FC463B4009FCBC8 /* AboutVC.swift */; };
		C429370C1FB9E9010016A02F /* UIScrollView+scrollToView.swift in Sources */ = {isa = PBXBuildFile; fileRef = C429370B1FB9E9000016A02F /* UIScrollView+scrollToView.swift */; };
		C42F0B711FDDC71100C3D619 /* IAPHelper.swift in Sources */ = {isa = PBXBuildFile; fileRef = C42F0B701FDDC71100C3D619 /* IAPHelper.swift */; };
		C42F0B731FDDC75200C3D619 /* AppProducts.swift in Sources */ = {isa = PBXBuildFile; fileRef = C42F0B721FDDC75200C3D619 /* AppProducts.swift */; };
		C439F614203E92AE00DA1A24 /* Date+offset.swift in Sources */ = {isa = PBXBuildFile; fileRef = C439F613203E92AE00DA1A24 /* Date+offset.swift */; };
		C4488C5420360DC3002B152F /* LocalNotification.swift in Sources */ = {isa = PBXBuildFile; fileRef = C4488C5320360DC3002B152F /* LocalNotification.swift */; };
		C4488C5620360E5B002B152F /* Date+addedBy.swift in Sources */ = {isa = PBXBuildFile; fileRef = C4488C5520360E5B002B152F /* Date+addedBy.swift */; };
		C455432D203EA899008B7882 /* ShirtsVC.storyboard in Resources */ = {isa = PBXBuildFile; fileRef = C455432C203EA899008B7882 /* ShirtsVC.storyboard */; };
		C455432F203EA8CB008B7882 /* ShirtsVC.swift in Sources */ = {isa = PBXBuildFile; fileRef = C455432E203EA8CB008B7882 /* ShirtsVC.swift */; };
		C4554331203EC196008B7882 /* Shirts.xcassets in Resources */ = {isa = PBXBuildFile; fileRef = C4554330203EC196008B7882 /* Shirts.xcassets */; };
		C4554333203ECB34008B7882 /* AssetExtractor.swift in Sources */ = {isa = PBXBuildFile; fileRef = C4554332203ECB34008B7882 /* AssetExtractor.swift */; };
		C4554340203EE43A008B7882 /* image-alex-table.jpg in Resources */ = {isa = PBXBuildFile; fileRef = C455433A203EE438008B7882 /* image-alex-table.jpg */; };
		C4554341203EE43A008B7882 /* image-sport.jpg in Resources */ = {isa = PBXBuildFile; fileRef = C455433B203EE438008B7882 /* image-sport.jpg */; };
		C4554342203EE43A008B7882 /* image-girls-break-cigar.jpg in Resources */ = {isa = PBXBuildFile; fileRef = C455433C203EE439008B7882 /* image-girls-break-cigar.jpg */; };
		C4554343203EE43A008B7882 /* image-maidan.jpg in Resources */ = {isa = PBXBuildFile; fileRef = C455433D203EE439008B7882 /* image-maidan.jpg */; };
		C4554344203EE43A008B7882 /* image-burn-cigar.jpg in Resources */ = {isa = PBXBuildFile; fileRef = C455433E203EE43A008B7882 /* image-burn-cigar.jpg */; };
		C455D5871F8CFE75002846D9 /* AdviceVC.swift in Sources */ = {isa = PBXBuildFile; fileRef = C455D5861F8CFE75002846D9 /* AdviceVC.swift */; };
		C455D58B1F8D0024002846D9 /* SettingsVC.swift in Sources */ = {isa = PBXBuildFile; fileRef = C455D58A1F8D0024002846D9 /* SettingsVC.swift */; };
		C461A2C81F8E533400B698FA /* OverviewAdviceCell.swift in Sources */ = {isa = PBXBuildFile; fileRef = C461A2C71F8E533400B698FA /* OverviewAdviceCell.swift */; };
		C461A2CA1F8E534900B698FA /* OverviewContactsCell.swift in Sources */ = {isa = PBXBuildFile; fileRef = C461A2C91F8E534900B698FA /* OverviewContactsCell.swift */; };
		C461A2CC1F8F8F5300B698FA /* TabBarVC.swift in Sources */ = {isa = PBXBuildFile; fileRef = C461A2CB1F8F8F5300B698FA /* TabBarVC.swift */; };
		C461A2CE1F8F957C00B698FA /* Constants.swift in Sources */ = {isa = PBXBuildFile; fileRef = C461A2CD1F8F957C00B698FA /* Constants.swift */; };
		C461A2D21F8F9EF400B698FA /* NavBarVC.swift in Sources */ = {isa = PBXBuildFile; fileRef = C461A2D11F8F9EF400B698FA /* NavBarVC.swift */; };
		C461A2D41F8FB81600B698FA /* ReaderVC.swift in Sources */ = {isa = PBXBuildFile; fileRef = C461A2D31F8FB81600B698FA /* ReaderVC.swift */; };
		C46272572024F56200B7AEA8 /* Events.xcassets in Resources */ = {isa = PBXBuildFile; fileRef = C46272562024F56200B7AEA8 /* Events.xcassets */; };
		C463F8681FF3DE6D001FBBC1 /* EventCell.xib in Resources */ = {isa = PBXBuildFile; fileRef = C463F8671FF3DE6D001FBBC1 /* EventCell.xib */; };
		C463F86A1FF4270B001FBBC1 /* OverviewEventCell.xib in Resources */ = {isa = PBXBuildFile; fileRef = C463F8691FF4270B001FBBC1 /* OverviewEventCell.xib */; };
		C463F86E1FF4317F001FBBC1 /* ContactCell.xib in Resources */ = {isa = PBXBuildFile; fileRef = C463F86D1FF4317F001FBBC1 /* ContactCell.xib */; };
		C463F8701FF43932001FBBC1 /* ContactCell.swift in Sources */ = {isa = PBXBuildFile; fileRef = C463F86F1FF43932001FBBC1 /* ContactCell.swift */; };
		C46DFB261FC4888F00A62D69 /* Advices.plist in Resources */ = {isa = PBXBuildFile; fileRef = C46DFB251FC4888F00A62D69 /* Advices.plist */; };
		C46DFB2C1FC48B2A00A62D69 /* OverviewEventCell.swift in Sources */ = {isa = PBXBuildFile; fileRef = C46DFB2B1FC48B2A00A62D69 /* OverviewEventCell.swift */; };
		C47317901F8D0C1700A6AE43 /* OverviewReadCell.swift in Sources */ = {isa = PBXBuildFile; fileRef = C473178F1F8D0C1700A6AE43 /* OverviewReadCell.swift */; };
		C47317921F8D1C1600A6AE43 /* Notes and links.rtf in Resources */ = {isa = PBXBuildFile; fileRef = C47317911F8D1C1600A6AE43 /* Notes and links.rtf */; };
		C47FE0BD1FDB35EE008232CA /* RemoveAdvertVC.swift in Sources */ = {isa = PBXBuildFile; fileRef = C47FE0BC1FDB35EE008232CA /* RemoveAdvertVC.swift */; };
		C47FE0BF1FDB36B2008232CA /* AdMobManager.swift in Sources */ = {isa = PBXBuildFile; fileRef = C47FE0BE1FDB36B2008232CA /* AdMobManager.swift */; };
		C48744E82025FD4A00672523 /* EventsData.swift in Sources */ = {isa = PBXBuildFile; fileRef = C48744E72025FD4A00672523 /* EventsData.swift */; };
		C48744EA2026002500672523 /* NetworkManager.swift in Sources */ = {isa = PBXBuildFile; fileRef = C48744E92026002500672523 /* NetworkManager.swift */; };
		C487682B1FFDFE9C006D1FE8 /* EventsManager.swift in Sources */ = {isa = PBXBuildFile; fileRef = C487682A1FFDFE9C006D1FE8 /* EventsManager.swift */; };
		C487682D1FFE16B2006D1FE8 /* NetworkError.swift in Sources */ = {isa = PBXBuildFile; fileRef = C487682C1FFE16B2006D1FE8 /* NetworkError.swift */; };
		C48768351FFE2B59006D1FE8 /* Array+uniq.swift in Sources */ = {isa = PBXBuildFile; fileRef = C48768341FFE2B59006D1FE8 /* Array+uniq.swift */; };
		C48D3646202C4513001D3D1A /* UIView+setters.swift in Sources */ = {isa = PBXBuildFile; fileRef = C48D3645202C4513001D3D1A /* UIView+setters.swift */; };
		C4968DD8202ADF5B009DC678 /* ResultData.swift in Sources */ = {isa = PBXBuildFile; fileRef = C4968DD7202ADF5B009DC678 /* ResultData.swift */; };
		C4968DDC202AF64D009DC678 /* ArticleDesc.storyboard in Resources */ = {isa = PBXBuildFile; fileRef = C4968DDA202AF64D009DC678 /* ArticleDesc.storyboard */; };
		C4968DDD202AF64D009DC678 /* ArticleDescVC.swift in Sources */ = {isa = PBXBuildFile; fileRef = C4968DDB202AF64D009DC678 /* ArticleDescVC.swift */; };
		C49ABA1320389914007900F5 /* AddressCell.swift in Sources */ = {isa = PBXBuildFile; fileRef = C49ABA1120389914007900F5 /* AddressCell.swift */; };
		C49ABA1420389914007900F5 /* AddressCell.xib in Resources */ = {isa = PBXBuildFile; fileRef = C49ABA1220389914007900F5 /* AddressCell.xib */; };
		C4A12E701FE1B45800E843F8 /* Profile.storyboard in Resources */ = {isa = PBXBuildFile; fileRef = C4A12E6E1FE1B45800E843F8 /* Profile.storyboard */; };
		C4A12E731FE1B56400E843F8 /* Settings.storyboard in Resources */ = {isa = PBXBuildFile; fileRef = C4A12E711FE1B56400E843F8 /* Settings.storyboard */; };
		C4A12E761FE1B61B00E843F8 /* RegisterVC.storyboard in Resources */ = {isa = PBXBuildFile; fileRef = C4A12E741FE1B61B00E843F8 /* RegisterVC.storyboard */; };
		C4A12E7C1FE1B87B00E843F8 /* Auth.storyboard in Resources */ = {isa = PBXBuildFile; fileRef = C4A12E7A1FE1B87B00E843F8 /* Auth.storyboard */; };
		C4A4D3041FA87AE800EC9D50 /* OptAccountCell.swift in Sources */ = {isa = PBXBuildFile; fileRef = C4A4D3031FA87AE800EC9D50 /* OptAccountCell.swift */; };
		C4A4D3061FA87B3F00EC9D50 /* CurrentUser.swift in Sources */ = {isa = PBXBuildFile; fileRef = C4A4D3051FA87B3F00EC9D50 /* CurrentUser.swift */; };
		C4A4D30A1FA8D93400EC9D50 /* Typealiases.swift in Sources */ = {isa = PBXBuildFile; fileRef = C4A4D3091FA8D93400EC9D50 /* Typealiases.swift */; };
		C4A4D30D1FAA04FD00EC9D50 /* ValidationErrors.swift in Sources */ = {isa = PBXBuildFile; fileRef = C4A4D30C1FAA04FD00EC9D50 /* ValidationErrors.swift */; };
		C4A4F5D92025A86400D65663 /* debugLog.swift in Sources */ = {isa = PBXBuildFile; fileRef = C4A4F5D82025A86400D65663 /* debugLog.swift */; };
		C4A4F5DC2025BAB300D65663 /* UIViewController+fastInitialization.swift in Sources */ = {isa = PBXBuildFile; fileRef = C4A4F5DB2025BAB300D65663 /* UIViewController+fastInitialization.swift */; };
		C4A4F5E22025C43600D65663 /* LanguagePicker.storyboard in Resources */ = {isa = PBXBuildFile; fileRef = C4A4F5E12025C43600D65663 /* LanguagePicker.storyboard */; };
		C4A9BF30202CCC1600F71C94 /* Greetings.plist in Resources */ = {isa = PBXBuildFile; fileRef = C48D3648202CA766001D3D1A /* Greetings.plist */; };
		C4B057111FC6E32300699B6F /* EventsListVC.swift in Sources */ = {isa = PBXBuildFile; fileRef = C4B057101FC6E32300699B6F /* EventsListVC.swift */; };
		C4B057131FC6E35C00699B6F /* ContactsVC.swift in Sources */ = {isa = PBXBuildFile; fileRef = C4B057121FC6E35C00699B6F /* ContactsVC.swift */; };
		C4B057151FC6FF9400699B6F /* EventCell.swift in Sources */ = {isa = PBXBuildFile; fileRef = C4B057141FC6FF9400699B6F /* EventCell.swift */; };
		C4B057251FC9806100699B6F /* ProfileVC.swift in Sources */ = {isa = PBXBuildFile; fileRef = C4B057241FC9806100699B6F /* ProfileVC.swift */; };
		C4B53FF82021F51C000D7C73 /* ic_cross_white@2x.png in Resources */ = {isa = PBXBuildFile; fileRef = C4B53FE92021F51C000D7C73 /* ic_cross_white@2x.png */; };
		C4B53FF92021F51C000D7C73 /* ic_cross_white@3x.png in Resources */ = {isa = PBXBuildFile; fileRef = C4B53FEA2021F51C000D7C73 /* ic_cross_white@3x.png */; };
		C4B53FFA2021F51C000D7C73 /* ActivityIndicator.swift in Sources */ = {isa = PBXBuildFile; fileRef = C4B53FED2021F51C000D7C73 /* ActivityIndicator.swift */; };
		C4B53FFB2021F51C000D7C73 /* FullScreenSlideshowViewController.swift in Sources */ = {isa = PBXBuildFile; fileRef = C4B53FEE2021F51C000D7C73 /* FullScreenSlideshowViewController.swift */; };
		C4B53FFC2021F51C000D7C73 /* ImageSlideshow.swift in Sources */ = {isa = PBXBuildFile; fileRef = C4B53FEF2021F51C000D7C73 /* ImageSlideshow.swift */; };
		C4B53FFD2021F51C000D7C73 /* ImageSlideshowItem.swift in Sources */ = {isa = PBXBuildFile; fileRef = C4B53FF02021F51C000D7C73 /* ImageSlideshowItem.swift */; };
		C4B53FFE2021F51C000D7C73 /* InputSource.swift in Sources */ = {isa = PBXBuildFile; fileRef = C4B53FF12021F51C000D7C73 /* InputSource.swift */; };
		C4B53FFF2021F51C000D7C73 /* UIImage+AspectFit.swift in Sources */ = {isa = PBXBuildFile; fileRef = C4B53FF22021F51C000D7C73 /* UIImage+AspectFit.swift */; };
		C4B540002021F51C000D7C73 /* UIImageView+Tools.swift in Sources */ = {isa = PBXBuildFile; fileRef = C4B53FF32021F51C000D7C73 /* UIImageView+Tools.swift */; };
		C4B540012021F51C000D7C73 /* ZoomAnimatedTransitioning.swift in Sources */ = {isa = PBXBuildFile; fileRef = C4B53FF42021F51C000D7C73 /* ZoomAnimatedTransitioning.swift */; };
		C4B540022021F51C000D7C73 /* SDWebImageSource.swift in Sources */ = {isa = PBXBuildFile; fileRef = C4B53FF62021F51C000D7C73 /* SDWebImageSource.swift */; };
		C4B540032021F51C000D7C73 /* README.md in Resources */ = {isa = PBXBuildFile; fileRef = C4B53FF72021F51C000D7C73 /* README.md */; };
		C4B540052021F574000D7C73 /* FastInitialization.swift in Sources */ = {isa = PBXBuildFile; fileRef = C4B540042021F573000D7C73 /* FastInitialization.swift */; };
		C4B5400820221E00000D7C73 /* Message.swift in Sources */ = {isa = PBXBuildFile; fileRef = C4B5400720221E00000D7C73 /* Message.swift */; };
		C4B5401320221F7C000D7C73 /* String+localized.swift in Sources */ = {isa = PBXBuildFile; fileRef = C4B5400B20221F7C000D7C73 /* String+localized.swift */; };
		C4B5401520221F7C000D7C73 /* LanguagePickerVC.swift in Sources */ = {isa = PBXBuildFile; fileRef = C4B5400D20221F7C000D7C73 /* LanguagePickerVC.swift */; };
		C4B5401620221F7C000D7C73 /* Language.swift in Sources */ = {isa = PBXBuildFile; fileRef = C4B5400F20221F7C000D7C73 /* Language.swift */; };
		C4B5401720221F7C000D7C73 /* LanguageManager.swift in Sources */ = {isa = PBXBuildFile; fileRef = C4B5401020221F7C000D7C73 /* LanguageManager.swift */; };
		C4B5401820221F7C000D7C73 /* LanguageCell.swift in Sources */ = {isa = PBXBuildFile; fileRef = C4B5401220221F7C000D7C73 /* LanguageCell.swift */; };
		C4B8088C1F9DE7430099DA49 /* UserDefaultsManager.swift in Sources */ = {isa = PBXBuildFile; fileRef = C4B8088B1F9DE7430099DA49 /* UserDefaultsManager.swift */; };
		C4B8088E1F9F2CCF0099DA49 /* LoginVC.swift in Sources */ = {isa = PBXBuildFile; fileRef = C4B8088D1F9F2CCF0099DA49 /* LoginVC.swift */; };
		C4B808921F9F36FA0099DA49 /* GoogleService-Info.plist in Resources */ = {isa = PBXBuildFile; fileRef = C4B808911F9F36F60099DA49 /* GoogleService-Info.plist */; };
		C4B808941F9F3C2A0099DA49 /* FirebaseAuthManager.swift in Sources */ = {isa = PBXBuildFile; fileRef = C4B808931F9F3C2A0099DA49 /* FirebaseAuthManager.swift */; };
		C4BF37721FCC3A1500BFD881 /* UIImageView+downloadedFromURL.swift in Sources */ = {isa = PBXBuildFile; fileRef = C4BF37711FCC3A1500BFD881 /* UIImageView+downloadedFromURL.swift */; };
		C4C0EEC51FCEF07C00CA258B /* FirebaseManager.swift in Sources */ = {isa = PBXBuildFile; fileRef = C4C0EEC41FCEF07C00CA258B /* FirebaseManager.swift */; };
		C4C0EEDF1FD040BD00CA258B /* Event.swift in Sources */ = {isa = PBXBuildFile; fileRef = C4C0EEDE1FD040BD00CA258B /* Event.swift */; };
		C4C0EEE11FD0515400CA258B /* FAQ.plist in Resources */ = {isa = PBXBuildFile; fileRef = C4C0EEE01FD0515400CA258B /* FAQ.plist */; };
		C4C0EEE51FD061F100CA258B /* EventsFilter.swift in Sources */ = {isa = PBXBuildFile; fileRef = C4C0EEE41FD061F100CA258B /* EventsFilter.swift */; };
		C4C127661FE11B3B00630E22 /* AppPurchase.swift in Sources */ = {isa = PBXBuildFile; fileRef = C4C127651FE11B3B00630E22 /* AppPurchase.swift */; };
		C4C236491FE190B3005219A0 /* About.storyboard in Resources */ = {isa = PBXBuildFile; fileRef = C415AA9F1FE170C400BC5365 /* About.storyboard */; };
		C4CA865F1F94FDCA00A8772D /* FAQ.swift in Sources */ = {isa = PBXBuildFile; fileRef = C4CA865E1F94FDCA00A8772D /* FAQ.swift */; };
		C4CA86681F9641C800A8772D /* FAQAnswerVC.swift in Sources */ = {isa = PBXBuildFile; fileRef = C4CA86671F9641C800A8772D /* FAQAnswerVC.swift */; };
		C4CE20D01FD6E8FA00537893 /* StarButton.swift in Sources */ = {isa = PBXBuildFile; fileRef = C4CE20CF1FD6E8FA00537893 /* StarButton.swift */; };
		C4CECEDE1F94C877009C85DE /* FAQVC.swift in Sources */ = {isa = PBXBuildFile; fileRef = C4CECEDD1F94C877009C85DE /* FAQVC.swift */; };
		C4CECEE21F94C924009C85DE /* ShareVC.swift in Sources */ = {isa = PBXBuildFile; fileRef = C4CECEE11F94C924009C85DE /* ShareVC.swift */; };
		C4CECEE61F94CDA9009C85DE /* FAQCell.swift in Sources */ = {isa = PBXBuildFile; fileRef = C4CECEE51F94CDA9009C85DE /* FAQCell.swift */; };
		C4D4583E1F8021D100565A3F /* AppDelegate.swift in Sources */ = {isa = PBXBuildFile; fileRef = C4D4583D1F8021D100565A3F /* AppDelegate.swift */; };
		C4D458401F8021D100565A3F /* OverviewVC.swift in Sources */ = {isa = PBXBuildFile; fileRef = C4D4583F1F8021D100565A3F /* OverviewVC.swift */; };
		C4D458431F8021D100565A3F /* TabBar.storyboard in Resources */ = {isa = PBXBuildFile; fileRef = C4D458411F8021D100565A3F /* TabBar.storyboard */; };
		C4D458481F8021D100565A3F /* Assets.xcassets in Resources */ = {isa = PBXBuildFile; fileRef = C4D458471F8021D100565A3F /* Assets.xcassets */; };
		C4D4584B1F8021D100565A3F /* LaunchScreen.storyboard in Resources */ = {isa = PBXBuildFile; fileRef = C4D458491F8021D100565A3F /* LaunchScreen.storyboard */; };
		C4D48C6C203DAF1100FA5E37 /* NGO.html in Resources */ = {isa = PBXBuildFile; fileRef = C4D48C6B203DAF1100FA5E37 /* NGO.html */; };
		C4DD56932024955800BF3A04 /* Character.xcassets in Resources */ = {isa = PBXBuildFile; fileRef = C4DD56922024955800BF3A04 /* Character.xcassets */; };
		C4DD569B2024A3CB00BF3A04 /* Localizable.strings in Resources */ = {isa = PBXBuildFile; fileRef = C4DD569D2024A3CB00BF3A04 /* Localizable.strings */; };
		C4E5F0DD1FD7FFBB00AE1D93 /* Validator.swift in Sources */ = {isa = PBXBuildFile; fileRef = C4E5F0DC1FD7FFBB00AE1D93 /* Validator.swift */; };
		C4E5F0DF1FD8026400AE1D93 /* Alert.swift in Sources */ = {isa = PBXBuildFile; fileRef = C4E5F0DE1FD8026400AE1D93 /* Alert.swift */; };
		C4E77CCC2040503800D1DF75 /* Donate.html in Resources */ = {isa = PBXBuildFile; fileRef = C4E77CCB2040503800D1DF75 /* Donate.html */; };
		C4E77CCF204062C300D1DF75 /* DonateNavBarVC.swift in Sources */ = {isa = PBXBuildFile; fileRef = C4E77CCE204062C300D1DF75 /* DonateNavBarVC.swift */; };
		C4E77CD2204066A900D1DF75 /* String+removeNewLine.swift in Sources */ = {isa = PBXBuildFile; fileRef = C4E77CD1204066A900D1DF75 /* String+removeNewLine.swift */; };
		C4E77CD62040781300D1DF75 /* image-donate-2.jpg in Resources */ = {isa = PBXBuildFile; fileRef = C4E77CD42040781200D1DF75 /* image-donate-2.jpg */; };
		C4EBF52F1FA5E74A00753D0C /* RegisterVC.swift in Sources */ = {isa = PBXBuildFile; fileRef = C4EBF52E1FA5E74A00753D0C /* RegisterVC.swift */; };
		C4EBF5321FA61BE900753D0C /* HideKeyboard.swift in Sources */ = {isa = PBXBuildFile; fileRef = C4EBF5311FA61BE900753D0C /* HideKeyboard.swift */; };
		C4FD07F2204C517300A02BA5 /* QST-iBook-en.epub in Resources */ = {isa = PBXBuildFile; fileRef = C4FD07F1204C517300A02BA5 /* QST-iBook-en.epub */; };
		C4FD07F4204C518000A02BA5 /* QST-iBook-ru.epub in Resources */ = {isa = PBXBuildFile; fileRef = C4FD07F3204C518000A02BA5 /* QST-iBook-ru.epub */; };
		C4FD0807204C529400A02BA5 /* Language.strings in Resources */ = {isa = PBXBuildFile; fileRef = C4FD0809204C529400A02BA5 /* Language.strings */; };
		C4FE6F76202B0170000ACEAA /* ArticleStyles.css in Resources */ = {isa = PBXBuildFile; fileRef = C4FE6F75202B0170000ACEAA /* ArticleStyles.css */; };
		C4FE6F78202B0321000ACEAA /* Formatter.swift in Sources */ = {isa = PBXBuildFile; fileRef = C4FE6F77202B0321000ACEAA /* Formatter.swift */; };
		C4FE6F7A202B3A4A000ACEAA /* Category.swift in Sources */ = {isa = PBXBuildFile; fileRef = C4FE6F79202B3A4A000ACEAA /* Category.swift */; };
/* End PBXBuildFile section */

/* Begin PBXFileReference section */
		4838F9FA089BC411AFE9FC69 /* Pods-QuitSmokingTogether.debug.xcconfig */ = {isa = PBXFileReference; includeInIndex = 1; lastKnownFileType = text.xcconfig; name = "Pods-QuitSmokingTogether.debug.xcconfig"; path = "Pods/Target Support Files/Pods-QuitSmokingTogether/Pods-QuitSmokingTogether.debug.xcconfig"; sourceTree = "<group>"; };
		7C0412BE51CB560767C46C63 /* Pods_QuitSmokingTogether.framework */ = {isa = PBXFileReference; explicitFileType = wrapper.framework; includeInIndex = 0; path = Pods_QuitSmokingTogether.framework; sourceTree = BUILT_PRODUCTS_DIR; };
		85F707FB449E088EFD99AE21 /* Pods-QuitSmokingTogether.release.xcconfig */ = {isa = PBXFileReference; includeInIndex = 1; lastKnownFileType = text.xcconfig; name = "Pods-QuitSmokingTogether.release.xcconfig"; path = "Pods/Target Support Files/Pods-QuitSmokingTogether/Pods-QuitSmokingTogether.release.xcconfig"; sourceTree = "<group>"; };
		C40F53421F9CE1C800DE58A1 /* ReaderText.swift */ = {isa = PBXFileReference; lastKnownFileType = sourcecode.swift; path = ReaderText.swift; sourceTree = "<group>"; };
		C410E7CD1F97BC5B00EEFB7B /* UIView+IBInspectable.swift */ = {isa = PBXFileReference; lastKnownFileType = sourcecode.swift; path = "UIView+IBInspectable.swift"; sourceTree = "<group>"; };
		C410E7CF1F97BEB200EEFB7B /* UIButton+IBInspectable.swift */ = {isa = PBXFileReference; lastKnownFileType = sourcecode.swift; path = "UIButton+IBInspectable.swift"; sourceTree = "<group>"; };
		C410E7D31F97C67E00EEFB7B /* MessagesManager.swift */ = {isa = PBXFileReference; lastKnownFileType = sourcecode.swift; path = MessagesManager.swift; sourceTree = "<group>"; };
		C415AA8A1FE16B6500BC5365 /* Donate.storyboard */ = {isa = PBXFileReference; fileEncoding = 4; lastKnownFileType = file.storyboard; path = Donate.storyboard; sourceTree = "<group>"; };
		C415AA8D1FE16C3600BC5365 /* Share.storyboard */ = {isa = PBXFileReference; fileEncoding = 4; lastKnownFileType = file.storyboard; path = Share.storyboard; sourceTree = "<group>"; };
		C415AA8F1FE16CA900BC5365 /* FaqAnswer.storyboard */ = {isa = PBXFileReference; fileEncoding = 4; lastKnownFileType = file.storyboard; path = FaqAnswer.storyboard; sourceTree = "<group>"; };
		C415AA911FE16CFB00BC5365 /* FaqList.storyboard */ = {isa = PBXFileReference; fileEncoding = 4; lastKnownFileType = file.storyboard; path = FaqList.storyboard; sourceTree = "<group>"; };
		C415AA931FE16D7C00BC5365 /* Contacts.storyboard */ = {isa = PBXFileReference; fileEncoding = 4; lastKnownFileType = file.storyboard; path = Contacts.storyboard; sourceTree = "<group>"; };
		C415AA951FE16E1C00BC5365 /* Advice.storyboard */ = {isa = PBXFileReference; fileEncoding = 4; lastKnownFileType = file.storyboard; path = Advice.storyboard; sourceTree = "<group>"; };
		C415AA971FE16E6900BC5365 /* Overview.storyboard */ = {isa = PBXFileReference; fileEncoding = 4; lastKnownFileType = file.storyboard; path = Overview.storyboard; sourceTree = "<group>"; };
		C415AA991FE16EF500BC5365 /* RemoveAdvert.storyboard */ = {isa = PBXFileReference; fileEncoding = 4; lastKnownFileType = file.storyboard; path = RemoveAdvert.storyboard; sourceTree = "<group>"; };
		C415AA9B1FE16F6500BC5365 /* Reader.storyboard */ = {isa = PBXFileReference; fileEncoding = 4; lastKnownFileType = file.storyboard; path = Reader.storyboard; sourceTree = "<group>"; };
		C415AA9D1FE16FCE00BC5365 /* EventsList.storyboard */ = {isa = PBXFileReference; fileEncoding = 4; lastKnownFileType = file.storyboard; path = EventsList.storyboard; sourceTree = "<group>"; };
		C415AA9F1FE170C400BC5365 /* About.storyboard */ = {isa = PBXFileReference; lastKnownFileType = file.storyboard; name = About.storyboard; path = /Users/Yaroslav/Development/Clients_Apps/QuitSmokingTogether/QuitSmokingTogether/Controller/About/About.storyboard; sourceTree = "<absolute>"; };
		C41B6F0B1FA2486B00B40F93 /* UIViewController+hideKeyboard.swift */ = {isa = PBXFileReference; lastKnownFileType = sourcecode.swift; path = "UIViewController+hideKeyboard.swift"; sourceTree = "<group>"; };
		C4258F031FC4522B009FCBC8 /* DonateVC.swift */ = {isa = PBXFileReference; lastKnownFileType = sourcecode.swift; path = DonateVC.swift; sourceTree = "<group>"; };
		C4258F051FC46184009FCBC8 /* Browser.swift */ = {isa = PBXFileReference; lastKnownFileType = sourcecode.swift; path = Browser.swift; sourceTree = "<group>"; };
		C4258F071FC463B4009FCBC8 /* AboutVC.swift */ = {isa = PBXFileReference; lastKnownFileType = sourcecode.swift; path = AboutVC.swift; sourceTree = "<group>"; };
		C429370B1FB9E9000016A02F /* UIScrollView+scrollToView.swift */ = {isa = PBXFileReference; lastKnownFileType = sourcecode.swift; path = "UIScrollView+scrollToView.swift"; sourceTree = "<group>"; };
		C42F0B701FDDC71100C3D619 /* IAPHelper.swift */ = {isa = PBXFileReference; lastKnownFileType = sourcecode.swift; path = IAPHelper.swift; sourceTree = "<group>"; };
		C42F0B721FDDC75200C3D619 /* AppProducts.swift */ = {isa = PBXFileReference; lastKnownFileType = sourcecode.swift; path = AppProducts.swift; sourceTree = "<group>"; };
		C439F613203E92AE00DA1A24 /* Date+offset.swift */ = {isa = PBXFileReference; lastKnownFileType = sourcecode.swift; path = "Date+offset.swift"; sourceTree = "<group>"; };
		C4488C5320360DC3002B152F /* LocalNotification.swift */ = {isa = PBXFileReference; lastKnownFileType = sourcecode.swift; path = LocalNotification.swift; sourceTree = "<group>"; };
		C4488C5520360E5B002B152F /* Date+addedBy.swift */ = {isa = PBXFileReference; lastKnownFileType = sourcecode.swift; path = "Date+addedBy.swift"; sourceTree = "<group>"; };
		C455432C203EA899008B7882 /* ShirtsVC.storyboard */ = {isa = PBXFileReference; lastKnownFileType = file.storyboard; path = ShirtsVC.storyboard; sourceTree = "<group>"; };
		C455432E203EA8CB008B7882 /* ShirtsVC.swift */ = {isa = PBXFileReference; lastKnownFileType = sourcecode.swift; path = ShirtsVC.swift; sourceTree = "<group>"; };
		C4554330203EC196008B7882 /* Shirts.xcassets */ = {isa = PBXFileReference; lastKnownFileType = folder.assetcatalog; path = Shirts.xcassets; sourceTree = "<group>"; };
		C4554332203ECB34008B7882 /* AssetExtractor.swift */ = {isa = PBXFileReference; lastKnownFileType = sourcecode.swift; path = AssetExtractor.swift; sourceTree = "<group>"; };
		C455433A203EE438008B7882 /* image-alex-table.jpg */ = {isa = PBXFileReference; lastKnownFileType = image.jpeg; path = "image-alex-table.jpg"; sourceTree = "<group>"; };
		C455433B203EE438008B7882 /* image-sport.jpg */ = {isa = PBXFileReference; lastKnownFileType = image.jpeg; path = "image-sport.jpg"; sourceTree = "<group>"; };
		C455433C203EE439008B7882 /* image-girls-break-cigar.jpg */ = {isa = PBXFileReference; lastKnownFileType = image.jpeg; path = "image-girls-break-cigar.jpg"; sourceTree = "<group>"; };
		C455433D203EE439008B7882 /* image-maidan.jpg */ = {isa = PBXFileReference; lastKnownFileType = image.jpeg; path = "image-maidan.jpg"; sourceTree = "<group>"; };
		C455433E203EE43A008B7882 /* image-burn-cigar.jpg */ = {isa = PBXFileReference; lastKnownFileType = image.jpeg; path = "image-burn-cigar.jpg"; sourceTree = "<group>"; };
		C455D5861F8CFE75002846D9 /* AdviceVC.swift */ = {isa = PBXFileReference; lastKnownFileType = sourcecode.swift; path = AdviceVC.swift; sourceTree = "<group>"; wrapsLines = 0; };
		C455D58A1F8D0024002846D9 /* SettingsVC.swift */ = {isa = PBXFileReference; lastKnownFileType = sourcecode.swift; path = SettingsVC.swift; sourceTree = "<group>"; };
		C461A2C71F8E533400B698FA /* OverviewAdviceCell.swift */ = {isa = PBXFileReference; lastKnownFileType = sourcecode.swift; path = OverviewAdviceCell.swift; sourceTree = "<group>"; };
		C461A2C91F8E534900B698FA /* OverviewContactsCell.swift */ = {isa = PBXFileReference; lastKnownFileType = sourcecode.swift; path = OverviewContactsCell.swift; sourceTree = "<group>"; };
		C461A2CB1F8F8F5300B698FA /* TabBarVC.swift */ = {isa = PBXFileReference; lastKnownFileType = sourcecode.swift; path = TabBarVC.swift; sourceTree = "<group>"; };
		C461A2CD1F8F957C00B698FA /* Constants.swift */ = {isa = PBXFileReference; lastKnownFileType = sourcecode.swift; path = Constants.swift; sourceTree = "<group>"; };
		C461A2D11F8F9EF400B698FA /* NavBarVC.swift */ = {isa = PBXFileReference; lastKnownFileType = sourcecode.swift; path = NavBarVC.swift; sourceTree = "<group>"; };
		C461A2D31F8FB81600B698FA /* ReaderVC.swift */ = {isa = PBXFileReference; lastKnownFileType = sourcecode.swift; path = ReaderVC.swift; sourceTree = "<group>"; wrapsLines = 0; };
		C46272562024F56200B7AEA8 /* Events.xcassets */ = {isa = PBXFileReference; lastKnownFileType = folder.assetcatalog; path = Events.xcassets; sourceTree = "<group>"; };
		C463F8671FF3DE6D001FBBC1 /* EventCell.xib */ = {isa = PBXFileReference; lastKnownFileType = file.xib; path = EventCell.xib; sourceTree = "<group>"; };
		C463F8691FF4270B001FBBC1 /* OverviewEventCell.xib */ = {isa = PBXFileReference; lastKnownFileType = file.xib; path = OverviewEventCell.xib; sourceTree = "<group>"; };
		C463F86D1FF4317F001FBBC1 /* ContactCell.xib */ = {isa = PBXFileReference; lastKnownFileType = file.xib; path = ContactCell.xib; sourceTree = "<group>"; };
		C463F86F1FF43932001FBBC1 /* ContactCell.swift */ = {isa = PBXFileReference; lastKnownFileType = sourcecode.swift; path = ContactCell.swift; sourceTree = "<group>"; };
		C46DFB251FC4888F00A62D69 /* Advices.plist */ = {isa = PBXFileReference; lastKnownFileType = file.bplist; path = Advices.plist; sourceTree = "<group>"; };
		C46DFB2B1FC48B2A00A62D69 /* OverviewEventCell.swift */ = {isa = PBXFileReference; lastKnownFileType = sourcecode.swift; path = OverviewEventCell.swift; sourceTree = "<group>"; };
		C473178F1F8D0C1700A6AE43 /* OverviewReadCell.swift */ = {isa = PBXFileReference; lastKnownFileType = sourcecode.swift; path = OverviewReadCell.swift; sourceTree = "<group>"; };
		C47317911F8D1C1600A6AE43 /* Notes and links.rtf */ = {isa = PBXFileReference; lastKnownFileType = text.rtf; path = "Notes and links.rtf"; sourceTree = "<group>"; };
		C47FE0BC1FDB35EE008232CA /* RemoveAdvertVC.swift */ = {isa = PBXFileReference; lastKnownFileType = sourcecode.swift; path = RemoveAdvertVC.swift; sourceTree = "<group>"; };
		C47FE0BE1FDB36B2008232CA /* AdMobManager.swift */ = {isa = PBXFileReference; lastKnownFileType = sourcecode.swift; path = AdMobManager.swift; sourceTree = "<group>"; };
		C48744E72025FD4A00672523 /* EventsData.swift */ = {isa = PBXFileReference; lastKnownFileType = sourcecode.swift; path = EventsData.swift; sourceTree = "<group>"; wrapsLines = 0; };
		C48744E92026002500672523 /* NetworkManager.swift */ = {isa = PBXFileReference; lastKnownFileType = sourcecode.swift; path = NetworkManager.swift; sourceTree = "<group>"; };
		C487682A1FFDFE9C006D1FE8 /* EventsManager.swift */ = {isa = PBXFileReference; lastKnownFileType = sourcecode.swift; path = EventsManager.swift; sourceTree = "<group>"; };
		C487682C1FFE16B2006D1FE8 /* NetworkError.swift */ = {isa = PBXFileReference; fileEncoding = 4; lastKnownFileType = sourcecode.swift; path = NetworkError.swift; sourceTree = "<group>"; };
		C48768341FFE2B59006D1FE8 /* Array+uniq.swift */ = {isa = PBXFileReference; fileEncoding = 4; lastKnownFileType = sourcecode.swift; path = "Array+uniq.swift"; sourceTree = "<group>"; };
		C48D3645202C4513001D3D1A /* UIView+setters.swift */ = {isa = PBXFileReference; fileEncoding = 4; lastKnownFileType = sourcecode.swift; path = "UIView+setters.swift"; sourceTree = "<group>"; usesTabs = 0; };
		C48D3648202CA766001D3D1A /* Greetings.plist */ = {isa = PBXFileReference; lastKnownFileType = file.bplist; path = Greetings.plist; sourceTree = "<group>"; };
		C4968DD7202ADF5B009DC678 /* ResultData.swift */ = {isa = PBXFileReference; lastKnownFileType = sourcecode.swift; path = ResultData.swift; sourceTree = "<group>"; };
		C4968DDA202AF64D009DC678 /* ArticleDesc.storyboard */ = {isa = PBXFileReference; fileEncoding = 4; lastKnownFileType = file.storyboard; path = ArticleDesc.storyboard; sourceTree = "<group>"; };
		C4968DDB202AF64D009DC678 /* ArticleDescVC.swift */ = {isa = PBXFileReference; fileEncoding = 4; lastKnownFileType = sourcecode.swift; path = ArticleDescVC.swift; sourceTree = "<group>"; };
		C49ABA1120389914007900F5 /* AddressCell.swift */ = {isa = PBXFileReference; lastKnownFileType = sourcecode.swift; path = AddressCell.swift; sourceTree = "<group>"; };
		C49ABA1220389914007900F5 /* AddressCell.xib */ = {isa = PBXFileReference; lastKnownFileType = file.xib; path = AddressCell.xib; sourceTree = "<group>"; };
		C4A12E6F1FE1B45800E843F8 /* Base */ = {isa = PBXFileReference; lastKnownFileType = file.storyboard; name = Base; path = Base.lproj/Profile.storyboard; sourceTree = "<group>"; };
		C4A12E721FE1B56400E843F8 /* Base */ = {isa = PBXFileReference; lastKnownFileType = file.storyboard; name = Base; path = Base.lproj/Settings.storyboard; sourceTree = "<group>"; };
		C4A12E751FE1B61B00E843F8 /* Base */ = {isa = PBXFileReference; lastKnownFileType = file.storyboard; name = Base; path = Base.lproj/RegisterVC.storyboard; sourceTree = "<group>"; };
		C4A12E7B1FE1B87B00E843F8 /* Base */ = {isa = PBXFileReference; lastKnownFileType = file.storyboard; name = Base; path = Base.lproj/Auth.storyboard; sourceTree = "<group>"; };
		C4A4D3031FA87AE800EC9D50 /* OptAccountCell.swift */ = {isa = PBXFileReference; lastKnownFileType = sourcecode.swift; path = OptAccountCell.swift; sourceTree = "<group>"; };
		C4A4D3051FA87B3F00EC9D50 /* CurrentUser.swift */ = {isa = PBXFileReference; lastKnownFileType = sourcecode.swift; path = CurrentUser.swift; sourceTree = "<group>"; };
		C4A4D3091FA8D93400EC9D50 /* Typealiases.swift */ = {isa = PBXFileReference; lastKnownFileType = sourcecode.swift; path = Typealiases.swift; sourceTree = "<group>"; };
		C4A4D30C1FAA04FD00EC9D50 /* ValidationErrors.swift */ = {isa = PBXFileReference; lastKnownFileType = sourcecode.swift; path = ValidationErrors.swift; sourceTree = "<group>"; };
		C4A4F5D82025A86400D65663 /* debugLog.swift */ = {isa = PBXFileReference; lastKnownFileType = sourcecode.swift; path = debugLog.swift; sourceTree = "<group>"; wrapsLines = 0; };
		C4A4F5DB2025BAB300D65663 /* UIViewController+fastInitialization.swift */ = {isa = PBXFileReference; lastKnownFileType = sourcecode.swift; path = "UIViewController+fastInitialization.swift"; sourceTree = "<group>"; };
		C4A4F5E12025C43600D65663 /* LanguagePicker.storyboard */ = {isa = PBXFileReference; lastKnownFileType = file.storyboard; path = LanguagePicker.storyboard; sourceTree = "<group>"; };
		C4B057101FC6E32300699B6F /* EventsListVC.swift */ = {isa = PBXFileReference; lastKnownFileType = sourcecode.swift; path = EventsListVC.swift; sourceTree = "<group>"; };
		C4B057121FC6E35C00699B6F /* ContactsVC.swift */ = {isa = PBXFileReference; lastKnownFileType = sourcecode.swift; path = ContactsVC.swift; sourceTree = "<group>"; };
		C4B057141FC6FF9400699B6F /* EventCell.swift */ = {isa = PBXFileReference; lastKnownFileType = sourcecode.swift; path = EventCell.swift; sourceTree = "<group>"; };
		C4B057241FC9806100699B6F /* ProfileVC.swift */ = {isa = PBXFileReference; lastKnownFileType = sourcecode.swift; path = ProfileVC.swift; sourceTree = "<group>"; };
		C4B53FE92021F51C000D7C73 /* ic_cross_white@2x.png */ = {isa = PBXFileReference; lastKnownFileType = image.png; path = "ic_cross_white@2x.png"; sourceTree = "<group>"; };
		C4B53FEA2021F51C000D7C73 /* ic_cross_white@3x.png */ = {isa = PBXFileReference; lastKnownFileType = image.png; path = "ic_cross_white@3x.png"; sourceTree = "<group>"; };
		C4B53FED2021F51C000D7C73 /* ActivityIndicator.swift */ = {isa = PBXFileReference; fileEncoding = 4; lastKnownFileType = sourcecode.swift; path = ActivityIndicator.swift; sourceTree = "<group>"; };
		C4B53FEE2021F51C000D7C73 /* FullScreenSlideshowViewController.swift */ = {isa = PBXFileReference; fileEncoding = 4; lastKnownFileType = sourcecode.swift; path = FullScreenSlideshowViewController.swift; sourceTree = "<group>"; };
		C4B53FEF2021F51C000D7C73 /* ImageSlideshow.swift */ = {isa = PBXFileReference; fileEncoding = 4; lastKnownFileType = sourcecode.swift; path = ImageSlideshow.swift; sourceTree = "<group>"; };
		C4B53FF02021F51C000D7C73 /* ImageSlideshowItem.swift */ = {isa = PBXFileReference; fileEncoding = 4; lastKnownFileType = sourcecode.swift; path = ImageSlideshowItem.swift; sourceTree = "<group>"; };
		C4B53FF12021F51C000D7C73 /* InputSource.swift */ = {isa = PBXFileReference; fileEncoding = 4; lastKnownFileType = sourcecode.swift; path = InputSource.swift; sourceTree = "<group>"; };
		C4B53FF22021F51C000D7C73 /* UIImage+AspectFit.swift */ = {isa = PBXFileReference; fileEncoding = 4; lastKnownFileType = sourcecode.swift; path = "UIImage+AspectFit.swift"; sourceTree = "<group>"; };
		C4B53FF32021F51C000D7C73 /* UIImageView+Tools.swift */ = {isa = PBXFileReference; fileEncoding = 4; lastKnownFileType = sourcecode.swift; path = "UIImageView+Tools.swift"; sourceTree = "<group>"; };
		C4B53FF42021F51C000D7C73 /* ZoomAnimatedTransitioning.swift */ = {isa = PBXFileReference; fileEncoding = 4; lastKnownFileType = sourcecode.swift; path = ZoomAnimatedTransitioning.swift; sourceTree = "<group>"; };
		C4B53FF62021F51C000D7C73 /* SDWebImageSource.swift */ = {isa = PBXFileReference; fileEncoding = 4; lastKnownFileType = sourcecode.swift; path = SDWebImageSource.swift; sourceTree = "<group>"; };
		C4B53FF72021F51C000D7C73 /* README.md */ = {isa = PBXFileReference; fileEncoding = 4; lastKnownFileType = net.daringfireball.markdown; path = README.md; sourceTree = "<group>"; };
		C4B540042021F573000D7C73 /* FastInitialization.swift */ = {isa = PBXFileReference; fileEncoding = 4; lastKnownFileType = sourcecode.swift; path = FastInitialization.swift; sourceTree = "<group>"; wrapsLines = 0; };
		C4B5400720221E00000D7C73 /* Message.swift */ = {isa = PBXFileReference; lastKnownFileType = sourcecode.swift; path = Message.swift; sourceTree = "<group>"; };
		C4B5400B20221F7C000D7C73 /* String+localized.swift */ = {isa = PBXFileReference; fileEncoding = 4; lastKnownFileType = sourcecode.swift; path = "String+localized.swift"; sourceTree = "<group>"; };
		C4B5400D20221F7C000D7C73 /* LanguagePickerVC.swift */ = {isa = PBXFileReference; fileEncoding = 4; lastKnownFileType = sourcecode.swift; path = LanguagePickerVC.swift; sourceTree = "<group>"; };
		C4B5400F20221F7C000D7C73 /* Language.swift */ = {isa = PBXFileReference; fileEncoding = 4; lastKnownFileType = sourcecode.swift; path = Language.swift; sourceTree = "<group>"; };
		C4B5401020221F7C000D7C73 /* LanguageManager.swift */ = {isa = PBXFileReference; fileEncoding = 4; lastKnownFileType = sourcecode.swift; path = LanguageManager.swift; sourceTree = "<group>"; };
		C4B5401220221F7C000D7C73 /* LanguageCell.swift */ = {isa = PBXFileReference; fileEncoding = 4; lastKnownFileType = sourcecode.swift; path = LanguageCell.swift; sourceTree = "<group>"; };
		C4B8088B1F9DE7430099DA49 /* UserDefaultsManager.swift */ = {isa = PBXFileReference; lastKnownFileType = sourcecode.swift; path = UserDefaultsManager.swift; sourceTree = "<group>"; };
		C4B8088D1F9F2CCF0099DA49 /* LoginVC.swift */ = {isa = PBXFileReference; lastKnownFileType = sourcecode.swift; path = LoginVC.swift; sourceTree = "<group>"; };
		C4B808911F9F36F60099DA49 /* GoogleService-Info.plist */ = {isa = PBXFileReference; lastKnownFileType = text.plist.xml; path = "GoogleService-Info.plist"; sourceTree = "<group>"; };
		C4B808931F9F3C2A0099DA49 /* FirebaseAuthManager.swift */ = {isa = PBXFileReference; lastKnownFileType = sourcecode.swift; path = FirebaseAuthManager.swift; sourceTree = "<group>"; };
		C4B808971F9F8AB80099DA49 /* QuitSmokingTogether.entitlements */ = {isa = PBXFileReference; lastKnownFileType = text.plist.entitlements; path = QuitSmokingTogether.entitlements; sourceTree = "<group>"; };
		C4BF37711FCC3A1500BFD881 /* UIImageView+downloadedFromURL.swift */ = {isa = PBXFileReference; lastKnownFileType = sourcecode.swift; path = "UIImageView+downloadedFromURL.swift"; sourceTree = "<group>"; };
		C4C0EEC41FCEF07C00CA258B /* FirebaseManager.swift */ = {isa = PBXFileReference; lastKnownFileType = sourcecode.swift; path = FirebaseManager.swift; sourceTree = "<group>"; };
		C4C0EEDE1FD040BD00CA258B /* Event.swift */ = {isa = PBXFileReference; lastKnownFileType = sourcecode.swift; path = Event.swift; sourceTree = "<group>"; };
		C4C0EEE01FD0515400CA258B /* FAQ.plist */ = {isa = PBXFileReference; lastKnownFileType = file.bplist; path = FAQ.plist; sourceTree = "<group>"; };
		C4C0EEE41FD061F100CA258B /* EventsFilter.swift */ = {isa = PBXFileReference; lastKnownFileType = sourcecode.swift; path = EventsFilter.swift; sourceTree = "<group>"; };
		C4C127651FE11B3B00630E22 /* AppPurchase.swift */ = {isa = PBXFileReference; lastKnownFileType = sourcecode.swift; path = AppPurchase.swift; sourceTree = "<group>"; };
		C4CA865E1F94FDCA00A8772D /* FAQ.swift */ = {isa = PBXFileReference; lastKnownFileType = sourcecode.swift; path = FAQ.swift; sourceTree = "<group>"; };
		C4CA86671F9641C800A8772D /* FAQAnswerVC.swift */ = {isa = PBXFileReference; lastKnownFileType = sourcecode.swift; path = FAQAnswerVC.swift; sourceTree = "<group>"; };
		C4CE20CF1FD6E8FA00537893 /* StarButton.swift */ = {isa = PBXFileReference; lastKnownFileType = sourcecode.swift; path = StarButton.swift; sourceTree = "<group>"; };
		C4CECEDD1F94C877009C85DE /* FAQVC.swift */ = {isa = PBXFileReference; lastKnownFileType = sourcecode.swift; path = FAQVC.swift; sourceTree = "<group>"; };
		C4CECEE11F94C924009C85DE /* ShareVC.swift */ = {isa = PBXFileReference; lastKnownFileType = sourcecode.swift; path = ShareVC.swift; sourceTree = "<group>"; wrapsLines = 0; };
		C4CECEE51F94CDA9009C85DE /* FAQCell.swift */ = {isa = PBXFileReference; lastKnownFileType = sourcecode.swift; path = FAQCell.swift; sourceTree = "<group>"; };
		C4D4583A1F8021D100565A3F /* QuitSmokingTogether.app */ = {isa = PBXFileReference; explicitFileType = wrapper.application; includeInIndex = 0; path = QuitSmokingTogether.app; sourceTree = BUILT_PRODUCTS_DIR; };
		C4D4583D1F8021D100565A3F /* AppDelegate.swift */ = {isa = PBXFileReference; lastKnownFileType = sourcecode.swift; path = AppDelegate.swift; sourceTree = "<group>"; wrapsLines = 0; };
		C4D4583F1F8021D100565A3F /* OverviewVC.swift */ = {isa = PBXFileReference; lastKnownFileType = sourcecode.swift; path = OverviewVC.swift; sourceTree = "<group>"; };
		C4D458421F8021D100565A3F /* Base */ = {isa = PBXFileReference; lastKnownFileType = file.storyboard; name = Base; path = Base.lproj/TabBar.storyboard; sourceTree = "<group>"; };
		C4D458471F8021D100565A3F /* Assets.xcassets */ = {isa = PBXFileReference; lastKnownFileType = folder.assetcatalog; path = Assets.xcassets; sourceTree = "<group>"; };
		C4D4584A1F8021D100565A3F /* Base */ = {isa = PBXFileReference; lastKnownFileType = file.storyboard; name = Base; path = Base.lproj/LaunchScreen.storyboard; sourceTree = "<group>"; };
		C4D4584C1F8021D100565A3F /* Info.plist */ = {isa = PBXFileReference; lastKnownFileType = text.plist.xml; path = Info.plist; sourceTree = "<group>"; };
		C4D48C6B203DAF1100FA5E37 /* NGO.html */ = {isa = PBXFileReference; lastKnownFileType = text.html; path = NGO.html; sourceTree = "<group>"; };
		C4DD56922024955800BF3A04 /* Character.xcassets */ = {isa = PBXFileReference; lastKnownFileType = folder.assetcatalog; path = Character.xcassets; sourceTree = "<group>"; };
		C4DD569C2024A3CB00BF3A04 /* en */ = {isa = PBXFileReference; lastKnownFileType = text.plist.strings; name = en; path = en.lproj/Localizable.strings; sourceTree = "<group>"; };
		C4DD569E2024A3F900BF3A04 /* Base */ = {isa = PBXFileReference; lastKnownFileType = text.plist.strings; name = Base; path = Base.lproj/Localizable.strings; sourceTree = "<group>"; };
		C4E5F0DC1FD7FFBB00AE1D93 /* Validator.swift */ = {isa = PBXFileReference; lastKnownFileType = sourcecode.swift; path = Validator.swift; sourceTree = "<group>"; };
		C4E5F0DE1FD8026400AE1D93 /* Alert.swift */ = {isa = PBXFileReference; lastKnownFileType = sourcecode.swift; path = Alert.swift; sourceTree = "<group>"; };
		C4E77CCB2040503800D1DF75 /* Donate.html */ = {isa = PBXFileReference; lastKnownFileType = text.html; path = Donate.html; sourceTree = "<group>"; };
		C4E77CCE204062C300D1DF75 /* DonateNavBarVC.swift */ = {isa = PBXFileReference; lastKnownFileType = sourcecode.swift; path = DonateNavBarVC.swift; sourceTree = "<group>"; wrapsLines = 0; };
		C4E77CD1204066A900D1DF75 /* String+removeNewLine.swift */ = {isa = PBXFileReference; lastKnownFileType = sourcecode.swift; path = "String+removeNewLine.swift"; sourceTree = "<group>"; };
		C4E77CD42040781200D1DF75 /* image-donate-2.jpg */ = {isa = PBXFileReference; lastKnownFileType = image.jpeg; path = "image-donate-2.jpg"; sourceTree = "<group>"; };
		C4EBF52E1FA5E74A00753D0C /* RegisterVC.swift */ = {isa = PBXFileReference; lastKnownFileType = sourcecode.swift; path = RegisterVC.swift; sourceTree = "<group>"; };
		C4EBF5311FA61BE900753D0C /* HideKeyboard.swift */ = {isa = PBXFileReference; lastKnownFileType = sourcecode.swift; path = HideKeyboard.swift; sourceTree = "<group>"; };
		C4FD07F1204C517300A02BA5 /* QST-iBook-en.epub */ = {isa = PBXFileReference; lastKnownFileType = file; path = "QST-iBook-en.epub"; sourceTree = "<group>"; };
		C4FD07F3204C518000A02BA5 /* QST-iBook-ru.epub */ = {isa = PBXFileReference; lastKnownFileType = file; path = "QST-iBook-ru.epub"; sourceTree = "<group>"; };
		C4FD0808204C529400A02BA5 /* en */ = {isa = PBXFileReference; lastKnownFileType = text.plist.strings; name = en; path = en.lproj/Language.strings; sourceTree = "<group>"; };
		C4FD080A204C52AD00A02BA5 /* Base */ = {isa = PBXFileReference; lastKnownFileType = text.plist.strings; name = Base; path = Base.lproj/Language.strings; sourceTree = "<group>"; };
		C4FD080B204C52F000A02BA5 /* ru */ = {isa = PBXFileReference; lastKnownFileType = text.plist.strings; name = ru; path = ru.lproj/Localizable.strings; sourceTree = "<group>"; };
		C4FD080C204C52F000A02BA5 /* ru */ = {isa = PBXFileReference; lastKnownFileType = text.plist.strings; name = ru; path = ru.lproj/Language.strings; sourceTree = "<group>"; };
		C4FE6F75202B0170000ACEAA /* ArticleStyles.css */ = {isa = PBXFileReference; fileEncoding = 4; lastKnownFileType = text.css; path = ArticleStyles.css; sourceTree = "<group>"; };
		C4FE6F77202B0321000ACEAA /* Formatter.swift */ = {isa = PBXFileReference; fileEncoding = 4; lastKnownFileType = sourcecode.swift; path = Formatter.swift; sourceTree = "<group>"; };
		C4FE6F79202B3A4A000ACEAA /* Category.swift */ = {isa = PBXFileReference; fileEncoding = 4; lastKnownFileType = sourcecode.swift; path = Category.swift; sourceTree = "<group>"; };
/* End PBXFileReference section */

/* Begin PBXFrameworksBuildPhase section */
		C4D458371F8021D100565A3F /* Frameworks */ = {
			isa = PBXFrameworksBuildPhase;
			buildActionMask = 2147483647;
			files = (
				4B7069F9E91F990C52B2571F /* Pods_QuitSmokingTogether.framework in Frameworks */,
			);
			runOnlyForDeploymentPostprocessing = 0;
		};
/* End PBXFrameworksBuildPhase section */

/* Begin PBXGroup section */
		5ABB916E2CA389C3627DA8AE /* Frameworks */ = {
			isa = PBXGroup;
			children = (
				7C0412BE51CB560767C46C63 /* Pods_QuitSmokingTogether.framework */,
			);
			name = Frameworks;
			sourceTree = "<group>";
		};
		6E455732F72EA1314EB7E9B8 /* Pods */ = {
			isa = PBXGroup;
			children = (
				4838F9FA089BC411AFE9FC69 /* Pods-QuitSmokingTogether.debug.xcconfig */,
				85F707FB449E088EFD99AE21 /* Pods-QuitSmokingTogether.release.xcconfig */,
			);
			name = Pods;
			sourceTree = "<group>";
		};
		C410E7CC1F97BB7300EEFB7B /* Extensions */ = {
			isa = PBXGroup;
			children = (
				C48768341FFE2B59006D1FE8 /* Array+uniq.swift */,
				C48D3645202C4513001D3D1A /* UIView+setters.swift */,
				C410E7CD1F97BC5B00EEFB7B /* UIView+IBInspectable.swift */,
				C410E7CF1F97BEB200EEFB7B /* UIButton+IBInspectable.swift */,
				C41B6F0B1FA2486B00B40F93 /* UIViewController+hideKeyboard.swift */,
				C429370B1FB9E9000016A02F /* UIScrollView+scrollToView.swift */,
				C4BF37711FCC3A1500BFD881 /* UIImageView+downloadedFromURL.swift */,
				C4A4F5DB2025BAB300D65663 /* UIViewController+fastInitialization.swift */,
				C4488C5520360E5B002B152F /* Date+addedBy.swift */,
				C439F613203E92AE00DA1A24 /* Date+offset.swift */,
				C4E77CD1204066A900D1DF75 /* String+removeNewLine.swift */,
			);
			path = Extensions;
			sourceTree = "<group>";
		};
		C42F0B6F1FDDC70100C3D619 /* In-App purchase */ = {
			isa = PBXGroup;
			children = (
				C42F0B701FDDC71100C3D619 /* IAPHelper.swift */,
				C42F0B721FDDC75200C3D619 /* AppProducts.swift */,
				C4C127651FE11B3B00630E22 /* AppPurchase.swift */,
			);
			path = "In-App purchase";
			sourceTree = "<group>";
		};
		C43624151F98DD3700ECD14A /* Books */ = {
			isa = PBXGroup;
			children = (
				C4FD07F1204C517300A02BA5 /* QST-iBook-en.epub */,
				C4FD07F3204C518000A02BA5 /* QST-iBook-ru.epub */,
			);
			path = Books;
			sourceTree = "<group>";
		};
		C4554329203EA80E008B7882 /* Shirts */ = {
			isa = PBXGroup;
			children = (
				C455432C203EA899008B7882 /* ShirtsVC.storyboard */,
				C455432E203EA8CB008B7882 /* ShirtsVC.swift */,
			);
			path = Shirts;
			sourceTree = "<group>";
		};
		C455D5821F8CFDEE002846D9 /* Model */ = {
			isa = PBXGroup;
			children = (
				C4554332203ECB34008B7882 /* AssetExtractor.swift */,
				C4A4F5DA2025AE6000D65663 /* Functions */,
				C48768291FFDFE4A006D1FE8 /* Enums */,
				C4F195081FE70D7F001A7FDF /* Constants */,
				C4F195071FE70D49001A7FDF /* Manager */,
				C4A4D3051FA87B3F00EC9D50 /* CurrentUser.swift */,
				C4E5F0DC1FD7FFBB00AE1D93 /* Validator.swift */,
				C4E5F0DE1FD8026400AE1D93 /* Alert.swift */,
				C4FE6F77202B0321000ACEAA /* Formatter.swift */,
			);
			path = Model;
			sourceTree = "<group>";
		};
		C455D5831F8CFDF7002846D9 /* View */ = {
			isa = PBXGroup;
			children = (
				C4D458491F8021D100565A3F /* LaunchScreen.storyboard */,
				C4CE20CF1FD6E8FA00537893 /* StarButton.swift */,
			);
			path = View;
			sourceTree = "<group>";
		};
		C455D5851F8CFE1C002846D9 /* Resources */ = {
			isa = PBXGroup;
			children = (
				C4FE6F74202B0170000ACEAA /* CSS */,
				C4DD5694202495D900BF3A04 /* Data */,
				C43624151F98DD3700ECD14A /* Books */,
				C4D458471F8021D100565A3F /* Assets.xcassets */,
				C4DD56922024955800BF3A04 /* Character.xcassets */,
				C46272562024F56200B7AEA8 /* Events.xcassets */,
				C4554330203EC196008B7882 /* Shirts.xcassets */,
				C47317911F8D1C1600A6AE43 /* Notes and links.rtf */,
				C4B808911F9F36F60099DA49 /* GoogleService-Info.plist */,
			);
			path = Resources;
			sourceTree = "<group>";
		};
		C463F8651FF3DE1C001FBBC1 /* View */ = {
			isa = PBXGroup;
			children = (
				C4B057141FC6FF9400699B6F /* EventCell.swift */,
				C463F8671FF3DE6D001FBBC1 /* EventCell.xib */,
			);
			path = View;
			sourceTree = "<group>";
		};
		C463F8661FF3DE22001FBBC1 /* Model */ = {
			isa = PBXGroup;
			children = (
				C4C0EEDE1FD040BD00CA258B /* Event.swift */,
				C4FE6F79202B3A4A000ACEAA /* Category.swift */,
				C487682A1FFDFE9C006D1FE8 /* EventsManager.swift */,
				C48744E72025FD4A00672523 /* EventsData.swift */,
				C4C0EEE41FD061F100CA258B /* EventsFilter.swift */,
			);
			path = Model;
			sourceTree = "<group>";
		};
		C463F86B1FF42772001FBBC1 /* OverviewEventCell */ = {
			isa = PBXGroup;
			children = (
				C463F8691FF4270B001FBBC1 /* OverviewEventCell.xib */,
				C46DFB2B1FC48B2A00A62D69 /* OverviewEventCell.swift */,
			);
			path = OverviewEventCell;
			sourceTree = "<group>";
		};
		C463F86C1FF43157001FBBC1 /* View */ = {
			isa = PBXGroup;
			children = (
				C49ABA1620389923007900F5 /* ContactCell */,
				C49ABA1520389919007900F5 /* AddressCell */,
			);
			path = View;
			sourceTree = "<group>";
		};
		C46DFB2F1FC48C6F00A62D69 /* Cells */ = {
			isa = PBXGroup;
			children = (
				C463F86B1FF42772001FBBC1 /* OverviewEventCell */,
				C473178F1F8D0C1700A6AE43 /* OverviewReadCell.swift */,
				C461A2C71F8E533400B698FA /* OverviewAdviceCell.swift */,
				C461A2C91F8E534900B698FA /* OverviewContactsCell.swift */,
			);
			path = Cells;
			sourceTree = "<group>";
		};
		C47754121FEBD37E00D0946A /* DeleteIt */ = {
			isa = PBXGroup;
			children = (
				C4A12E741FE1B61B00E843F8 /* RegisterVC.storyboard */,
			);
			path = DeleteIt;
			sourceTree = "<group>";
		};
		C48768291FFDFE4A006D1FE8 /* Enums */ = {
			isa = PBXGroup;
			children = (
				C487682C1FFE16B2006D1FE8 /* NetworkError.swift */,
				C4A4D30C1FAA04FD00EC9D50 /* ValidationErrors.swift */,
				C4968DD7202ADF5B009DC678 /* ResultData.swift */,
			);
			path = Enums;
			sourceTree = "<group>";
		};
		C48D3647202C46EA001D3D1A /* View */ = {
			isa = PBXGroup;
			children = (
			);
			path = View;
			sourceTree = "<group>";
		};
		C4968DD9202AF64D009DC678 /* ArticleDescVC */ = {
			isa = PBXGroup;
			children = (
				C4968DDA202AF64D009DC678 /* ArticleDesc.storyboard */,
				C4968DDB202AF64D009DC678 /* ArticleDescVC.swift */,
			);
			path = ArticleDescVC;
			sourceTree = "<group>";
		};
		C49ABA1520389919007900F5 /* AddressCell */ = {
			isa = PBXGroup;
			children = (
				C49ABA1120389914007900F5 /* AddressCell.swift */,
				C49ABA1220389914007900F5 /* AddressCell.xib */,
			);
			path = AddressCell;
			sourceTree = "<group>";
		};
		C49ABA1620389923007900F5 /* ContactCell */ = {
			isa = PBXGroup;
			children = (
				C463F86D1FF4317F001FBBC1 /* ContactCell.xib */,
				C463F86F1FF43932001FBBC1 /* ContactCell.swift */,
			);
			path = ContactCell;
			sourceTree = "<group>";
		};
		C4A12E7D1FE1BB1A00E843F8 /* Controller */ = {
			isa = PBXGroup;
			children = (
				C4A12E7F1FE1BB1A00E843F8 /* Auth */,
				C4A12E801FE1BB1A00E843F8 /* TabBar */,
				C4A12E851FE1BB1A00E843F8 /* Main */,
				C4968DD9202AF64D009DC678 /* ArticleDescVC */,
				C4A12E831FE1BB1A00E843F8 /* Events */,
				C4A12E861FE1BB1A00E843F8 /* Reader */,
				C4A12E841FE1BB1A00E843F8 /* Contacts */,
				C4A12E871FE1BB1A00E843F8 /* Settings */,
				C4A12E7E1FE1BB1A00E843F8 /* Messages */,
				C4A12E8C1FE1BB1A00E843F8 /* Profile */,
				C4A12E891FE1BB1A00E843F8 /* Advert */,
				C4A12E8A1FE1BB1A00E843F8 /* Donate */,
				C4A12E8B1FE1BB1A00E843F8 /* FAQ */,
				C4A12E8D1FE1BB1A00E843F8 /* Share */,
				C4554329203EA80E008B7882 /* Shirts */,
				C4B5400920221F7C000D7C73 /* LanguagePicker */,
				C4A12E881FE1BB1A00E843F8 /* About */,
			);
			path = Controller;
			sourceTree = "<group>";
		};
		C4A12E7E1FE1BB1A00E843F8 /* Messages */ = {
			isa = PBXGroup;
			children = (
				C415AA951FE16E1C00BC5365 /* Advice.storyboard */,
				C455D5861F8CFE75002846D9 /* AdviceVC.swift */,
				C4B5400620221DBD000D7C73 /* Model */,
				C4DD56962024965A00BF3A04 /* Data */,
			);
			path = Messages;
			sourceTree = "<group>";
		};
		C4A12E7F1FE1BB1A00E843F8 /* Auth */ = {
			isa = PBXGroup;
			children = (
				C4A12E7A1FE1B87B00E843F8 /* Auth.storyboard */,
				C4B8088D1F9F2CCF0099DA49 /* LoginVC.swift */,
				C4EBF52E1FA5E74A00753D0C /* RegisterVC.swift */,
				C47754121FEBD37E00D0946A /* DeleteIt */,
			);
			path = Auth;
			sourceTree = "<group>";
		};
		C4A12E801FE1BB1A00E843F8 /* TabBar */ = {
			isa = PBXGroup;
			children = (
				C4D458411F8021D100565A3F /* TabBar.storyboard */,
				C461A2CB1F8F8F5300B698FA /* TabBarVC.swift */,
				C461A2D11F8F9EF400B698FA /* NavBarVC.swift */,
			);
			path = TabBar;
			sourceTree = "<group>";
		};
		C4A12E831FE1BB1A00E843F8 /* Events */ = {
			isa = PBXGroup;
			children = (
				C415AA9D1FE16FCE00BC5365 /* EventsList.storyboard */,
				C4B057101FC6E32300699B6F /* EventsListVC.swift */,
				C463F8661FF3DE22001FBBC1 /* Model */,
				C463F8651FF3DE1C001FBBC1 /* View */,
			);
			path = Events;
			sourceTree = "<group>";
		};
		C4A12E841FE1BB1A00E843F8 /* Contacts */ = {
			isa = PBXGroup;
			children = (
				C415AA931FE16D7C00BC5365 /* Contacts.storyboard */,
				C4B057121FC6E35C00699B6F /* ContactsVC.swift */,
				C463F86C1FF43157001FBBC1 /* View */,
			);
			path = Contacts;
			sourceTree = "<group>";
		};
		C4A12E851FE1BB1A00E843F8 /* Main */ = {
			isa = PBXGroup;
			children = (
				C415AA971FE16E6900BC5365 /* Overview.storyboard */,
				C4D4583F1F8021D100565A3F /* OverviewVC.swift */,
				C48D3647202C46EA001D3D1A /* View */,
				C46DFB2F1FC48C6F00A62D69 /* Cells */,
			);
			path = Main;
			sourceTree = "<group>";
		};
		C4A12E861FE1BB1A00E843F8 /* Reader */ = {
			isa = PBXGroup;
			children = (
				C415AA9B1FE16F6500BC5365 /* Reader.storyboard */,
				C461A2D31F8FB81600B698FA /* ReaderVC.swift */,
				C40F53421F9CE1C800DE58A1 /* ReaderText.swift */,
			);
			path = Reader;
			sourceTree = "<group>";
		};
		C4A12E871FE1BB1A00E843F8 /* Settings */ = {
			isa = PBXGroup;
			children = (
				C4A12E711FE1B56400E843F8 /* Settings.storyboard */,
				C455D58A1F8D0024002846D9 /* SettingsVC.swift */,
				C4CECEE71F94CDB5009C85DE /* Settings_Cells */,
			);
			path = Settings;
			sourceTree = "<group>";
		};
		C4A12E881FE1BB1A00E843F8 /* About */ = {
			isa = PBXGroup;
			children = (
				C415AA9F1FE170C400BC5365 /* About.storyboard */,
				C4258F071FC463B4009FCBC8 /* AboutVC.swift */,
			);
			path = About;
			sourceTree = "<group>";
		};
		C4A12E891FE1BB1A00E843F8 /* Advert */ = {
			isa = PBXGroup;
			children = (
				C415AA991FE16EF500BC5365 /* RemoveAdvert.storyboard */,
				C47FE0BC1FDB35EE008232CA /* RemoveAdvertVC.swift */,
				C42F0B6F1FDDC70100C3D619 /* In-App purchase */,
			);
			path = Advert;
			sourceTree = "<group>";
		};
		C4A12E8A1FE1BB1A00E843F8 /* Donate */ = {
			isa = PBXGroup;
			children = (
				C4E77CCE204062C300D1DF75 /* DonateNavBarVC.swift */,
				C4E77CD02040661600D1DF75 /* Delete it */,
			);
			path = Donate;
			sourceTree = "<group>";
		};
		C4A12E8B1FE1BB1A00E843F8 /* FAQ */ = {
			isa = PBXGroup;
			children = (
				C415AA911FE16CFB00BC5365 /* FaqList.storyboard */,
				C415AA8F1FE16CA900BC5365 /* FaqAnswer.storyboard */,
				C4CECEDD1F94C877009C85DE /* FAQVC.swift */,
				C4CA86671F9641C800A8772D /* FAQAnswerVC.swift */,
				C4CA865E1F94FDCA00A8772D /* FAQ.swift */,
			);
			path = FAQ;
			sourceTree = "<group>";
		};
		C4A12E8C1FE1BB1A00E843F8 /* Profile */ = {
			isa = PBXGroup;
			children = (
				C4A12E6E1FE1B45800E843F8 /* Profile.storyboard */,
				C4B057241FC9806100699B6F /* ProfileVC.swift */,
			);
			path = Profile;
			sourceTree = "<group>";
		};
		C4A12E8D1FE1BB1A00E843F8 /* Share */ = {
			isa = PBXGroup;
			children = (
				C415AA8D1FE16C3600BC5365 /* Share.storyboard */,
				C4CECEE11F94C924009C85DE /* ShareVC.swift */,
			);
			path = Share;
			sourceTree = "<group>";
		};
		C4A4F5DA2025AE6000D65663 /* Functions */ = {
			isa = PBXGroup;
			children = (
				C4A4F5D82025A86400D65663 /* debugLog.swift */,
			);
			path = Functions;
			sourceTree = "<group>";
		};
		C4B53FE62021F4D8000D7C73 /* Libraries */ = {
			isa = PBXGroup;
			children = (
				C4B53FE72021F51C000D7C73 /* ImageSlideshow */,
			);
			path = Libraries;
			sourceTree = "<group>";
		};
		C4B53FE72021F51C000D7C73 /* ImageSlideshow */ = {
			isa = PBXGroup;
			children = (
				C4B53FE82021F51C000D7C73 /* Assets */,
				C4B53FEB2021F51C000D7C73 /* Classes */,
				C4B53FF72021F51C000D7C73 /* README.md */,
			);
			path = ImageSlideshow;
			sourceTree = "<group>";
		};
		C4B53FE82021F51C000D7C73 /* Assets */ = {
			isa = PBXGroup;
			children = (
				C4B53FE92021F51C000D7C73 /* ic_cross_white@2x.png */,
				C4B53FEA2021F51C000D7C73 /* ic_cross_white@3x.png */,
			);
			path = Assets;
			sourceTree = "<group>";
		};
		C4B53FEB2021F51C000D7C73 /* Classes */ = {
			isa = PBXGroup;
			children = (
				C4B53FEC2021F51C000D7C73 /* Core */,
				C4B53FF52021F51C000D7C73 /* InputSources */,
			);
			path = Classes;
			sourceTree = "<group>";
		};
		C4B53FEC2021F51C000D7C73 /* Core */ = {
			isa = PBXGroup;
			children = (
				C4B53FED2021F51C000D7C73 /* ActivityIndicator.swift */,
				C4B53FEE2021F51C000D7C73 /* FullScreenSlideshowViewController.swift */,
				C4B53FEF2021F51C000D7C73 /* ImageSlideshow.swift */,
				C4B53FF02021F51C000D7C73 /* ImageSlideshowItem.swift */,
				C4B53FF12021F51C000D7C73 /* InputSource.swift */,
				C4B53FF22021F51C000D7C73 /* UIImage+AspectFit.swift */,
				C4B53FF32021F51C000D7C73 /* UIImageView+Tools.swift */,
				C4B53FF42021F51C000D7C73 /* ZoomAnimatedTransitioning.swift */,
			);
			path = Core;
			sourceTree = "<group>";
		};
		C4B53FF52021F51C000D7C73 /* InputSources */ = {
			isa = PBXGroup;
			children = (
				C4B53FF62021F51C000D7C73 /* SDWebImageSource.swift */,
			);
			path = InputSources;
			sourceTree = "<group>";
		};
		C4B5400620221DBD000D7C73 /* Model */ = {
			isa = PBXGroup;
			children = (
				C410E7D31F97C67E00EEFB7B /* MessagesManager.swift */,
				C4B5400720221E00000D7C73 /* Message.swift */,
			);
			path = Model;
			sourceTree = "<group>";
		};
		C4B5400920221F7C000D7C73 /* LanguagePicker */ = {
			isa = PBXGroup;
			children = (
				C4A4F5E12025C43600D65663 /* LanguagePicker.storyboard */,
				C4B5400D20221F7C000D7C73 /* LanguagePickerVC.swift */,
				C4B5400E20221F7C000D7C73 /* Model */,
				C4B5401120221F7C000D7C73 /* View */,
				C4B5400A20221F7C000D7C73 /* Extensions */,
			);
			path = LanguagePicker;
			sourceTree = "<group>";
		};
		C4B5400A20221F7C000D7C73 /* Extensions */ = {
			isa = PBXGroup;
			children = (
				C4B5400B20221F7C000D7C73 /* String+localized.swift */,
			);
			path = Extensions;
			sourceTree = "<group>";
		};
		C4B5400E20221F7C000D7C73 /* Model */ = {
			isa = PBXGroup;
			children = (
				C4B5400F20221F7C000D7C73 /* Language.swift */,
				C4B5401020221F7C000D7C73 /* LanguageManager.swift */,
			);
			path = Model;
			sourceTree = "<group>";
		};
		C4B5401120221F7C000D7C73 /* View */ = {
			isa = PBXGroup;
			children = (
				C4B5401220221F7C000D7C73 /* LanguageCell.swift */,
			);
			path = View;
			sourceTree = "<group>";
		};
		C4CECEE71F94CDB5009C85DE /* Settings_Cells */ = {
			isa = PBXGroup;
			children = (
				C4A4D3031FA87AE800EC9D50 /* OptAccountCell.swift */,
				C4CECEE51F94CDA9009C85DE /* FAQCell.swift */,
			);
			path = Settings_Cells;
			sourceTree = "<group>";
		};
		C4D458311F8021D100565A3F = {
			isa = PBXGroup;
			children = (
				C4D4583C1F8021D100565A3F /* QuitSmokingTogether */,
				C4D4583B1F8021D100565A3F /* Products */,
				6E455732F72EA1314EB7E9B8 /* Pods */,
				5ABB916E2CA389C3627DA8AE /* Frameworks */,
			);
			sourceTree = "<group>";
		};
		C4D4583B1F8021D100565A3F /* Products */ = {
			isa = PBXGroup;
			children = (
				C4D4583A1F8021D100565A3F /* QuitSmokingTogether.app */,
			);
			name = Products;
			sourceTree = "<group>";
		};
		C4D4583C1F8021D100565A3F /* QuitSmokingTogether */ = {
			isa = PBXGroup;
			children = (
				C4B808971F9F8AB80099DA49 /* QuitSmokingTogether.entitlements */,
				C4D4584C1F8021D100565A3F /* Info.plist */,
				C4DD56982024A34F00BF3A04 /* Translations */,
				C410E7CC1F97BB7300EEFB7B /* Extensions */,
				C4B53FE62021F4D8000D7C73 /* Libraries */,
				C4EBF5301FA61B8D00753D0C /* Protocols */,
				C455D5851F8CFE1C002846D9 /* Resources */,
				C455D5821F8CFDEE002846D9 /* Model */,
				C455D5831F8CFDF7002846D9 /* View */,
				C4A12E7D1FE1BB1A00E843F8 /* Controller */,
				C4D4583D1F8021D100565A3F /* AppDelegate.swift */,
			);
			path = QuitSmokingTogether;
			sourceTree = "<group>";
		};
		C4D48C6D203DB28800FA5E37 /* NGO */ = {
			isa = PBXGroup;
			children = (
				C4D48C6B203DAF1100FA5E37 /* NGO.html */,
				C455433A203EE438008B7882 /* image-alex-table.jpg */,
				C455433E203EE43A008B7882 /* image-burn-cigar.jpg */,
				C455433C203EE439008B7882 /* image-girls-break-cigar.jpg */,
				C455433D203EE439008B7882 /* image-maidan.jpg */,
				C455433B203EE438008B7882 /* image-sport.jpg */,
			);
			path = NGO;
			sourceTree = "<group>";
		};
		C4DD5694202495D900BF3A04 /* Data */ = {
			isa = PBXGroup;
			children = (
				C4E77CCA20404FB200D1DF75 /* Donate */,
				C4D48C6D203DB28800FA5E37 /* NGO */,
				C4C0EEE01FD0515400CA258B /* FAQ.plist */,
			);
			path = Data;
			sourceTree = "<group>";
		};
		C4DD56962024965A00BF3A04 /* Data */ = {
			isa = PBXGroup;
			children = (
				C46DFB251FC4888F00A62D69 /* Advices.plist */,
				C48D3648202CA766001D3D1A /* Greetings.plist */,
			);
			path = Data;
			sourceTree = "<group>";
		};
		C4DD56982024A34F00BF3A04 /* Translations */ = {
			isa = PBXGroup;
			children = (
				C4DD569D2024A3CB00BF3A04 /* Localizable.strings */,
				C4FD0809204C529400A02BA5 /* Language.strings */,
			);
			path = Translations;
			sourceTree = "<group>";
		};
		C4E77CCA20404FB200D1DF75 /* Donate */ = {
			isa = PBXGroup;
			children = (
				C4E77CCB2040503800D1DF75 /* Donate.html */,
				C4E77CD42040781200D1DF75 /* image-donate-2.jpg */,
			);
			path = Donate;
			sourceTree = "<group>";
		};
		C4E77CD02040661600D1DF75 /* Delete it */ = {
			isa = PBXGroup;
			children = (
				C415AA8A1FE16B6500BC5365 /* Donate.storyboard */,
				C4258F031FC4522B009FCBC8 /* DonateVC.swift */,
			);
			path = "Delete it";
			sourceTree = "<group>";
		};
		C4EBF5301FA61B8D00753D0C /* Protocols */ = {
			isa = PBXGroup;
			children = (
				C4B540042021F573000D7C73 /* FastInitialization.swift */,
				C4EBF5311FA61BE900753D0C /* HideKeyboard.swift */,
			);
			path = Protocols;
			sourceTree = "<group>";
		};
		C4F195071FE70D49001A7FDF /* Manager */ = {
			isa = PBXGroup;
			children = (
				C4258F051FC46184009FCBC8 /* Browser.swift */,
				C4B8088B1F9DE7430099DA49 /* UserDefaultsManager.swift */,
				C4B808931F9F3C2A0099DA49 /* FirebaseAuthManager.swift */,
				C4C0EEC41FCEF07C00CA258B /* FirebaseManager.swift */,
				C47FE0BE1FDB36B2008232CA /* AdMobManager.swift */,
				C48744E92026002500672523 /* NetworkManager.swift */,
				C4488C5320360DC3002B152F /* LocalNotification.swift */,
			);
			path = Manager;
			sourceTree = "<group>";
		};
		C4F195081FE70D7F001A7FDF /* Constants */ = {
			isa = PBXGroup;
			children = (
				C461A2CD1F8F957C00B698FA /* Constants.swift */,
				C4A4D3091FA8D93400EC9D50 /* Typealiases.swift */,
			);
			path = Constants;
			sourceTree = "<group>";
		};
		C4FE6F74202B0170000ACEAA /* CSS */ = {
			isa = PBXGroup;
			children = (
				C4FE6F75202B0170000ACEAA /* ArticleStyles.css */,
			);
			path = CSS;
			sourceTree = "<group>";
		};
/* End PBXGroup section */

/* Begin PBXNativeTarget section */
		C4D458391F8021D100565A3F /* QuitSmokingTogether */ = {
			isa = PBXNativeTarget;
			buildConfigurationList = C4D4584F1F8021D100565A3F /* Build configuration list for PBXNativeTarget "QuitSmokingTogether" */;
			buildPhases = (
				349ADD414F63CA720249E8AB /* [CP] Check Pods Manifest.lock */,
				C4D458361F8021D100565A3F /* Sources */,
				C4D458371F8021D100565A3F /* Frameworks */,
				C4D458381F8021D100565A3F /* Resources */,
				A7A29138BD9DF0759917F895 /* [CP] Embed Pods Frameworks */,
				362AD6050148D82E8CBF66A2 /* [CP] Copy Pods Resources */,
			);
			buildRules = (
			);
			dependencies = (
			);
			name = QuitSmokingTogether;
			productName = QuitSmokingTogether;
			productReference = C4D4583A1F8021D100565A3F /* QuitSmokingTogether.app */;
			productType = "com.apple.product-type.application";
		};
/* End PBXNativeTarget section */

/* Begin PBXProject section */
		C4D458321F8021D100565A3F /* Project object */ = {
			isa = PBXProject;
			attributes = {
				LastSwiftUpdateCheck = 0900;
				LastUpgradeCheck = 0900;
				ORGANIZATIONNAME = "Yaroslav Zhurbilo";
				TargetAttributes = {
					C4D458391F8021D100565A3F = {
						CreatedOnToolsVersion = 9.0;
						ProvisioningStyle = Automatic;
						SystemCapabilities = {
							com.apple.Keychain = {
								enabled = 1;
							};
							com.apple.Push = {
								enabled = 1;
							};
						};
					};
				};
			};
			buildConfigurationList = C4D458351F8021D100565A3F /* Build configuration list for PBXProject "QuitSmokingTogether" */;
			compatibilityVersion = "Xcode 8.0";
			developmentRegion = en;
			hasScannedForEncodings = 0;
			knownRegions = (
				en,
				Base,
				ru,
			);
			mainGroup = C4D458311F8021D100565A3F;
			productRefGroup = C4D4583B1F8021D100565A3F /* Products */;
			projectDirPath = "";
			projectRoot = "";
			targets = (
				C4D458391F8021D100565A3F /* QuitSmokingTogether */,
			);
		};
/* End PBXProject section */

/* Begin PBXResourcesBuildPhase section */
		C4D458381F8021D100565A3F /* Resources */ = {
			isa = PBXResourcesBuildPhase;
			buildActionMask = 2147483647;
			files = (
				C4554340203EE43A008B7882 /* image-alex-table.jpg in Resources */,
				C4B808921F9F36FA0099DA49 /* GoogleService-Info.plist in Resources */,
				C455432D203EA899008B7882 /* ShirtsVC.storyboard in Resources */,
				C4A4F5E22025C43600D65663 /* LanguagePicker.storyboard in Resources */,
				C4A12E761FE1B61B00E843F8 /* RegisterVC.storyboard in Resources */,
				C4A12E701FE1B45800E843F8 /* Profile.storyboard in Resources */,
				C415AA9C1FE16F6500BC5365 /* Reader.storyboard in Resources */,
				C463F8681FF3DE6D001FBBC1 /* EventCell.xib in Resources */,
				C415AA9A1FE16EF500BC5365 /* RemoveAdvert.storyboard in Resources */,
				C4DD569B2024A3CB00BF3A04 /* Localizable.strings in Resources */,
				C415AA901FE16CA900BC5365 /* FaqAnswer.storyboard in Resources */,
				C4E77CD62040781300D1DF75 /* image-donate-2.jpg in Resources */,
				C4E77CCC2040503800D1DF75 /* Donate.html in Resources */,
				C4A9BF30202CCC1600F71C94 /* Greetings.plist in Resources */,
				C415AA8E1FE16C3600BC5365 /* Share.storyboard in Resources */,
				C4D4584B1F8021D100565A3F /* LaunchScreen.storyboard in Resources */,
				C415AA8B1FE16B6500BC5365 /* Donate.storyboard in Resources */,
				C415AA921FE16CFB00BC5365 /* FaqList.storyboard in Resources */,
				C415AA981FE16E6900BC5365 /* Overview.storyboard in Resources */,
				C4C0EEE11FD0515400CA258B /* FAQ.plist in Resources */,
				C4A12E7C1FE1B87B00E843F8 /* Auth.storyboard in Resources */,
				C415AA941FE16D7C00BC5365 /* Contacts.storyboard in Resources */,
				C46272572024F56200B7AEA8 /* Events.xcassets in Resources */,
				C4554344203EE43A008B7882 /* image-burn-cigar.jpg in Resources */,
				C463F86E1FF4317F001FBBC1 /* ContactCell.xib in Resources */,
				C463F86A1FF4270B001FBBC1 /* OverviewEventCell.xib in Resources */,
				C4B53FF92021F51C000D7C73 /* ic_cross_white@3x.png in Resources */,
				C4FD0807204C529400A02BA5 /* Language.strings in Resources */,
				C4D458481F8021D100565A3F /* Assets.xcassets in Resources */,
				C415AA961FE16E1C00BC5365 /* Advice.storyboard in Resources */,
				C4B53FF82021F51C000D7C73 /* ic_cross_white@2x.png in Resources */,
				C46DFB261FC4888F00A62D69 /* Advices.plist in Resources */,
				C49ABA1420389914007900F5 /* AddressCell.xib in Resources */,
				C415AA9E1FE16FCE00BC5365 /* EventsList.storyboard in Resources */,
				C4554342203EE43A008B7882 /* image-girls-break-cigar.jpg in Resources */,
				C47317921F8D1C1600A6AE43 /* Notes and links.rtf in Resources */,
				C4968DDC202AF64D009DC678 /* ArticleDesc.storyboard in Resources */,
				C4554331203EC196008B7882 /* Shirts.xcassets in Resources */,
				C4D458431F8021D100565A3F /* TabBar.storyboard in Resources */,
				C4A12E731FE1B56400E843F8 /* Settings.storyboard in Resources */,
				C4D48C6C203DAF1100FA5E37 /* NGO.html in Resources */,
				C4FD07F4204C518000A02BA5 /* QST-iBook-ru.epub in Resources */,
				C4C236491FE190B3005219A0 /* About.storyboard in Resources */,
				C4FE6F76202B0170000ACEAA /* ArticleStyles.css in Resources */,
				C4DD56932024955800BF3A04 /* Character.xcassets in Resources */,
				C4B540032021F51C000D7C73 /* README.md in Resources */,
				C4554343203EE43A008B7882 /* image-maidan.jpg in Resources */,
				C4FD07F2204C517300A02BA5 /* QST-iBook-en.epub in Resources */,
				C4554341203EE43A008B7882 /* image-sport.jpg in Resources */,
			);
			runOnlyForDeploymentPostprocessing = 0;
		};
/* End PBXResourcesBuildPhase section */

/* Begin PBXShellScriptBuildPhase section */
		349ADD414F63CA720249E8AB /* [CP] Check Pods Manifest.lock */ = {
			isa = PBXShellScriptBuildPhase;
			buildActionMask = 2147483647;
			files = (
			);
			inputPaths = (
			);
			name = "[CP] Check Pods Manifest.lock";
			outputPaths = (
			);
			runOnlyForDeploymentPostprocessing = 0;
			shellPath = /bin/sh;
			shellScript = "diff \"${PODS_PODFILE_DIR_PATH}/Podfile.lock\" \"${PODS_ROOT}/Manifest.lock\" > /dev/null\nif [ $? != 0 ] ; then\n    # print error to STDERR\n    echo \"error: The sandbox is not in sync with the Podfile.lock. Run 'pod install' or update your CocoaPods installation.\" >&2\n    exit 1\nfi\n";
			showEnvVarsInLog = 0;
		};
		362AD6050148D82E8CBF66A2 /* [CP] Copy Pods Resources */ = {
			isa = PBXShellScriptBuildPhase;
			buildActionMask = 2147483647;
			files = (
			);
			inputPaths = (
			);
			name = "[CP] Copy Pods Resources";
			outputPaths = (
			);
			runOnlyForDeploymentPostprocessing = 0;
			shellPath = /bin/sh;
			shellScript = "\"${SRCROOT}/Pods/Target Support Files/Pods-QuitSmokingTogether/Pods-QuitSmokingTogether-resources.sh\"\n";
			showEnvVarsInLog = 0;
		};
		A7A29138BD9DF0759917F895 /* [CP] Embed Pods Frameworks */ = {
			isa = PBXShellScriptBuildPhase;
			buildActionMask = 2147483647;
			files = (
			);
			inputPaths = (
			);
			name = "[CP] Embed Pods Frameworks";
			outputPaths = (
			);
			runOnlyForDeploymentPostprocessing = 0;
			shellPath = /bin/sh;
			shellScript = "\"${SRCROOT}/Pods/Target Support Files/Pods-QuitSmokingTogether/Pods-QuitSmokingTogether-frameworks.sh\"\n";
			showEnvVarsInLog = 0;
		};
/* End PBXShellScriptBuildPhase section */

/* Begin PBXSourcesBuildPhase section */
		C4D458361F8021D100565A3F /* Sources */ = {
			isa = PBXSourcesBuildPhase;
			buildActionMask = 2147483647;
			files = (
				C4CECEE61F94CDA9009C85DE /* FAQCell.swift in Sources */,
				C4D458401F8021D100565A3F /* OverviewVC.swift in Sources */,
				C4B808941F9F3C2A0099DA49 /* FirebaseAuthManager.swift in Sources */,
				C4FE6F78202B0321000ACEAA /* Formatter.swift in Sources */,
				C410E7CE1F97BC5B00EEFB7B /* UIView+IBInspectable.swift in Sources */,
				C4BF37721FCC3A1500BFD881 /* UIImageView+downloadedFromURL.swift in Sources */,
				C4B5401520221F7C000D7C73 /* LanguagePickerVC.swift in Sources */,
				C461A2D41F8FB81600B698FA /* ReaderVC.swift in Sources */,
				C4258F081FC463B4009FCBC8 /* AboutVC.swift in Sources */,
				C4FE6F7A202B3A4A000ACEAA /* Category.swift in Sources */,
				C4A4D30D1FAA04FD00EC9D50 /* ValidationErrors.swift in Sources */,
				C4258F061FC46184009FCBC8 /* Browser.swift in Sources */,
				C4CECEDE1F94C877009C85DE /* FAQVC.swift in Sources */,
				C47FE0BF1FDB36B2008232CA /* AdMobManager.swift in Sources */,
				C461A2CA1F8E534900B698FA /* OverviewContactsCell.swift in Sources */,
				C4C0EEC51FCEF07C00CA258B /* FirebaseManager.swift in Sources */,
				C4CE20D01FD6E8FA00537893 /* StarButton.swift in Sources */,
				C455D5871F8CFE75002846D9 /* AdviceVC.swift in Sources */,
				C4B53FFD2021F51C000D7C73 /* ImageSlideshowItem.swift in Sources */,
				C4E77CCF204062C300D1DF75 /* DonateNavBarVC.swift in Sources */,
				C41B6F0C1FA2486B00B40F93 /* UIViewController+hideKeyboard.swift in Sources */,
				C4EBF5321FA61BE900753D0C /* HideKeyboard.swift in Sources */,
				C4B057131FC6E35C00699B6F /* ContactsVC.swift in Sources */,
				C48768351FFE2B59006D1FE8 /* Array+uniq.swift in Sources */,
				C4B5401620221F7C000D7C73 /* Language.swift in Sources */,
				C487682D1FFE16B2006D1FE8 /* NetworkError.swift in Sources */,
				C4258F041FC4522B009FCBC8 /* DonateVC.swift in Sources */,
				C4B5401320221F7C000D7C73 /* String+localized.swift in Sources */,
				C4CA865F1F94FDCA00A8772D /* FAQ.swift in Sources */,
				C4B057151FC6FF9400699B6F /* EventCell.swift in Sources */,
				C455432F203EA8CB008B7882 /* ShirtsVC.swift in Sources */,
				C487682B1FFDFE9C006D1FE8 /* EventsManager.swift in Sources */,
				C42F0B731FDDC75200C3D619 /* AppProducts.swift in Sources */,
				C4B057111FC6E32300699B6F /* EventsListVC.swift in Sources */,
				C4A4D3041FA87AE800EC9D50 /* OptAccountCell.swift in Sources */,
				C4B53FFA2021F51C000D7C73 /* ActivityIndicator.swift in Sources */,
				C4D4583E1F8021D100565A3F /* AppDelegate.swift in Sources */,
				C4E5F0DD1FD7FFBB00AE1D93 /* Validator.swift in Sources */,
				C47FE0BD1FDB35EE008232CA /* RemoveAdvertVC.swift in Sources */,
				C4B53FFF2021F51C000D7C73 /* UIImage+AspectFit.swift in Sources */,
				C4A4D3061FA87B3F00EC9D50 /* CurrentUser.swift in Sources */,
				C4B53FFE2021F51C000D7C73 /* InputSource.swift in Sources */,
				C4B5401720221F7C000D7C73 /* LanguageManager.swift in Sources */,
				C4A4D30A1FA8D93400EC9D50 /* Typealiases.swift in Sources */,
				C4B540022021F51C000D7C73 /* SDWebImageSource.swift in Sources */,
				C4968DDD202AF64D009DC678 /* ArticleDescVC.swift in Sources */,
				C48744EA2026002500672523 /* NetworkManager.swift in Sources */,
				C4C127661FE11B3B00630E22 /* AppPurchase.swift in Sources */,
				C4E5F0DF1FD8026400AE1D93 /* Alert.swift in Sources */,
				C46DFB2C1FC48B2A00A62D69 /* OverviewEventCell.swift in Sources */,
				C461A2CC1F8F8F5300B698FA /* TabBarVC.swift in Sources */,
				C4B8088C1F9DE7430099DA49 /* UserDefaultsManager.swift in Sources */,
				C40F53431F9CE1C800DE58A1 /* ReaderText.swift in Sources */,
				C4C0EEDF1FD040BD00CA258B /* Event.swift in Sources */,
				C461A2CE1F8F957C00B698FA /* Constants.swift in Sources */,
				C48D3646202C4513001D3D1A /* UIView+setters.swift in Sources */,
				C4CECEE21F94C924009C85DE /* ShareVC.swift in Sources */,
				C48744E82025FD4A00672523 /* EventsData.swift in Sources */,
				C4A4F5D92025A86400D65663 /* debugLog.swift in Sources */,
				C4B5400820221E00000D7C73 /* Message.swift in Sources */,
				C410E7D01F97BEB200EEFB7B /* UIButton+IBInspectable.swift in Sources */,
				C4B057251FC9806100699B6F /* ProfileVC.swift in Sources */,
				C4B540052021F574000D7C73 /* FastInitialization.swift in Sources */,
				C4E77CD2204066A900D1DF75 /* String+removeNewLine.swift in Sources */,
				C4968DD8202ADF5B009DC678 /* ResultData.swift in Sources */,
				C47317901F8D0C1700A6AE43 /* OverviewReadCell.swift in Sources */,
				C461A2D21F8F9EF400B698FA /* NavBarVC.swift in Sources */,
				C4A4F5DC2025BAB300D65663 /* UIViewController+fastInitialization.swift in Sources */,
				C4B53FFC2021F51C000D7C73 /* ImageSlideshow.swift in Sources */,
				C49ABA1320389914007900F5 /* AddressCell.swift in Sources */,
				C4CA86681F9641C800A8772D /* FAQAnswerVC.swift in Sources */,
				C4488C5620360E5B002B152F /* Date+addedBy.swift in Sources */,
				C4B540012021F51C000D7C73 /* ZoomAnimatedTransitioning.swift in Sources */,
				C4C0EEE51FD061F100CA258B /* EventsFilter.swift in Sources */,
				C429370C1FB9E9010016A02F /* UIScrollView+scrollToView.swift in Sources */,
				C4B5401820221F7C000D7C73 /* LanguageCell.swift in Sources */,
				C4554333203ECB34008B7882 /* AssetExtractor.swift in Sources */,
				C4B8088E1F9F2CCF0099DA49 /* LoginVC.swift in Sources */,
				C461A2C81F8E533400B698FA /* OverviewAdviceCell.swift in Sources */,
				C4EBF52F1FA5E74A00753D0C /* RegisterVC.swift in Sources */,
				C439F614203E92AE00DA1A24 /* Date+offset.swift in Sources */,
				C463F8701FF43932001FBBC1 /* ContactCell.swift in Sources */,
				C410E7D41F97C67E00EEFB7B /* MessagesManager.swift in Sources */,
				C455D58B1F8D0024002846D9 /* SettingsVC.swift in Sources */,
				C4B540002021F51C000D7C73 /* UIImageView+Tools.swift in Sources */,
				C4B53FFB2021F51C000D7C73 /* FullScreenSlideshowViewController.swift in Sources */,
				C4488C5420360DC3002B152F /* LocalNotification.swift in Sources */,
				C42F0B711FDDC71100C3D619 /* IAPHelper.swift in Sources */,
			);
			runOnlyForDeploymentPostprocessing = 0;
		};
/* End PBXSourcesBuildPhase section */

/* Begin PBXVariantGroup section */
		C4A12E6E1FE1B45800E843F8 /* Profile.storyboard */ = {
			isa = PBXVariantGroup;
			children = (
				C4A12E6F1FE1B45800E843F8 /* Base */,
			);
			name = Profile.storyboard;
			sourceTree = "<group>";
		};
		C4A12E711FE1B56400E843F8 /* Settings.storyboard */ = {
			isa = PBXVariantGroup;
			children = (
				C4A12E721FE1B56400E843F8 /* Base */,
			);
			name = Settings.storyboard;
			sourceTree = "<group>";
		};
		C4A12E741FE1B61B00E843F8 /* RegisterVC.storyboard */ = {
			isa = PBXVariantGroup;
			children = (
				C4A12E751FE1B61B00E843F8 /* Base */,
			);
			name = RegisterVC.storyboard;
			sourceTree = "<group>";
		};
		C4A12E7A1FE1B87B00E843F8 /* Auth.storyboard */ = {
			isa = PBXVariantGroup;
			children = (
				C4A12E7B1FE1B87B00E843F8 /* Base */,
			);
			name = Auth.storyboard;
			sourceTree = "<group>";
		};
		C4D458411F8021D100565A3F /* TabBar.storyboard */ = {
			isa = PBXVariantGroup;
			children = (
				C4D458421F8021D100565A3F /* Base */,
			);
			name = TabBar.storyboard;
			sourceTree = "<group>";
		};
		C4D458491F8021D100565A3F /* LaunchScreen.storyboard */ = {
			isa = PBXVariantGroup;
			children = (
				C4D4584A1F8021D100565A3F /* Base */,
			);
			name = LaunchScreen.storyboard;
			sourceTree = "<group>";
		};
		C4DD569D2024A3CB00BF3A04 /* Localizable.strings */ = {
			isa = PBXVariantGroup;
			children = (
				C4DD569C2024A3CB00BF3A04 /* en */,
				C4DD569E2024A3F900BF3A04 /* Base */,
				C4FD080B204C52F000A02BA5 /* ru */,
			);
			name = Localizable.strings;
			sourceTree = "<group>";
		};
		C4FD0809204C529400A02BA5 /* Language.strings */ = {
			isa = PBXVariantGroup;
			children = (
				C4FD0808204C529400A02BA5 /* en */,
				C4FD080A204C52AD00A02BA5 /* Base */,
				C4FD080C204C52F000A02BA5 /* ru */,
			);
			name = Language.strings;
			sourceTree = "<group>";
		};
/* End PBXVariantGroup section */

/* Begin XCBuildConfiguration section */
		C4D4584D1F8021D100565A3F /* Debug */ = {
			isa = XCBuildConfiguration;
			buildSettings = {
				ALWAYS_SEARCH_USER_PATHS = NO;
				CLANG_ANALYZER_LOCALIZABILITY_NONLOCALIZED = YES;
				CLANG_ANALYZER_NONNULL = YES;
				CLANG_ANALYZER_NUMBER_OBJECT_CONVERSION = YES_AGGRESSIVE;
				CLANG_CXX_LANGUAGE_STANDARD = "gnu++14";
				CLANG_CXX_LIBRARY = "libc++";
				CLANG_ENABLE_MODULES = YES;
				CLANG_ENABLE_OBJC_ARC = YES;
				CLANG_WARN_BLOCK_CAPTURE_AUTORELEASING = YES;
				CLANG_WARN_BOOL_CONVERSION = YES;
				CLANG_WARN_COMMA = YES;
				CLANG_WARN_CONSTANT_CONVERSION = YES;
				CLANG_WARN_DIRECT_OBJC_ISA_USAGE = YES_ERROR;
				CLANG_WARN_DOCUMENTATION_COMMENTS = YES;
				CLANG_WARN_EMPTY_BODY = YES;
				CLANG_WARN_ENUM_CONVERSION = YES;
				CLANG_WARN_INFINITE_RECURSION = YES;
				CLANG_WARN_INT_CONVERSION = YES;
				CLANG_WARN_NON_LITERAL_NULL_CONVERSION = YES;
				CLANG_WARN_OBJC_LITERAL_CONVERSION = YES;
				CLANG_WARN_OBJC_ROOT_CLASS = YES_ERROR;
				CLANG_WARN_RANGE_LOOP_ANALYSIS = YES;
				CLANG_WARN_STRICT_PROTOTYPES = YES;
				CLANG_WARN_SUSPICIOUS_MOVE = YES;
				CLANG_WARN_UNGUARDED_AVAILABILITY = YES_AGGRESSIVE;
				CLANG_WARN_UNREACHABLE_CODE = YES;
				CLANG_WARN__DUPLICATE_METHOD_MATCH = YES;
				CODE_SIGN_IDENTITY = "iPhone Developer";
				COPY_PHASE_STRIP = NO;
				DEBUG_INFORMATION_FORMAT = dwarf;
				ENABLE_STRICT_OBJC_MSGSEND = YES;
				ENABLE_TESTABILITY = YES;
				GCC_C_LANGUAGE_STANDARD = gnu11;
				GCC_DYNAMIC_NO_PIC = NO;
				GCC_NO_COMMON_BLOCKS = YES;
				GCC_OPTIMIZATION_LEVEL = 0;
				GCC_PREPROCESSOR_DEFINITIONS = (
					"DEBUG=1",
					"$(inherited)",
				);
				GCC_WARN_64_TO_32_BIT_CONVERSION = YES;
				GCC_WARN_ABOUT_RETURN_TYPE = YES_ERROR;
				GCC_WARN_UNDECLARED_SELECTOR = YES;
				GCC_WARN_UNINITIALIZED_AUTOS = YES_AGGRESSIVE;
				GCC_WARN_UNUSED_FUNCTION = YES;
				GCC_WARN_UNUSED_VARIABLE = YES;
				IPHONEOS_DEPLOYMENT_TARGET = 11.0;
				MTL_ENABLE_DEBUG_INFO = YES;
				ONLY_ACTIVE_ARCH = YES;
				SDKROOT = iphoneos;
				SWIFT_ACTIVE_COMPILATION_CONDITIONS = DEBUG;
				SWIFT_OPTIMIZATION_LEVEL = "-Onone";
			};
			name = Debug;
		};
		C4D4584E1F8021D100565A3F /* Release */ = {
			isa = XCBuildConfiguration;
			buildSettings = {
				ALWAYS_SEARCH_USER_PATHS = NO;
				CLANG_ANALYZER_LOCALIZABILITY_NONLOCALIZED = YES;
				CLANG_ANALYZER_NONNULL = YES;
				CLANG_ANALYZER_NUMBER_OBJECT_CONVERSION = YES_AGGRESSIVE;
				CLANG_CXX_LANGUAGE_STANDARD = "gnu++14";
				CLANG_CXX_LIBRARY = "libc++";
				CLANG_ENABLE_MODULES = YES;
				CLANG_ENABLE_OBJC_ARC = YES;
				CLANG_WARN_BLOCK_CAPTURE_AUTORELEASING = YES;
				CLANG_WARN_BOOL_CONVERSION = YES;
				CLANG_WARN_COMMA = YES;
				CLANG_WARN_CONSTANT_CONVERSION = YES;
				CLANG_WARN_DIRECT_OBJC_ISA_USAGE = YES_ERROR;
				CLANG_WARN_DOCUMENTATION_COMMENTS = YES;
				CLANG_WARN_EMPTY_BODY = YES;
				CLANG_WARN_ENUM_CONVERSION = YES;
				CLANG_WARN_INFINITE_RECURSION = YES;
				CLANG_WARN_INT_CONVERSION = YES;
				CLANG_WARN_NON_LITERAL_NULL_CONVERSION = YES;
				CLANG_WARN_OBJC_LITERAL_CONVERSION = YES;
				CLANG_WARN_OBJC_ROOT_CLASS = YES_ERROR;
				CLANG_WARN_RANGE_LOOP_ANALYSIS = YES;
				CLANG_WARN_STRICT_PROTOTYPES = YES;
				CLANG_WARN_SUSPICIOUS_MOVE = YES;
				CLANG_WARN_UNGUARDED_AVAILABILITY = YES_AGGRESSIVE;
				CLANG_WARN_UNREACHABLE_CODE = YES;
				CLANG_WARN__DUPLICATE_METHOD_MATCH = YES;
				CODE_SIGN_IDENTITY = "iPhone Developer";
				COPY_PHASE_STRIP = NO;
				DEBUG_INFORMATION_FORMAT = "dwarf-with-dsym";
				ENABLE_NS_ASSERTIONS = NO;
				ENABLE_STRICT_OBJC_MSGSEND = YES;
				GCC_C_LANGUAGE_STANDARD = gnu11;
				GCC_NO_COMMON_BLOCKS = YES;
				GCC_WARN_64_TO_32_BIT_CONVERSION = YES;
				GCC_WARN_ABOUT_RETURN_TYPE = YES_ERROR;
				GCC_WARN_UNDECLARED_SELECTOR = YES;
				GCC_WARN_UNINITIALIZED_AUTOS = YES_AGGRESSIVE;
				GCC_WARN_UNUSED_FUNCTION = YES;
				GCC_WARN_UNUSED_VARIABLE = YES;
				IPHONEOS_DEPLOYMENT_TARGET = 11.0;
				MTL_ENABLE_DEBUG_INFO = NO;
				SDKROOT = iphoneos;
				SWIFT_OPTIMIZATION_LEVEL = "-Owholemodule";
				VALIDATE_PRODUCT = YES;
			};
			name = Release;
		};
		C4D458501F8021D100565A3F /* Debug */ = {
			isa = XCBuildConfiguration;
			baseConfigurationReference = 4838F9FA089BC411AFE9FC69 /* Pods-QuitSmokingTogether.debug.xcconfig */;
			buildSettings = {
				ASSETCATALOG_COMPILER_APPICON_NAME = AppIcon;
				CODE_SIGN_ENTITLEMENTS = QuitSmokingTogether/QuitSmokingTogether.entitlements;
				CODE_SIGN_STYLE = Automatic;
				DEVELOPMENT_TEAM = 4PM46468DE;
				INFOPLIST_FILE = QuitSmokingTogether/Info.plist;
				IPHONEOS_DEPLOYMENT_TARGET = 10.3;
				LD_RUNPATH_SEARCH_PATHS = "$(inherited) @executable_path/Frameworks";
				PRODUCT_BUNDLE_IDENTIFIER = com.diglabstudio.QuitSmokingTogether;
				PRODUCT_NAME = "$(TARGET_NAME)";
				SWIFT_VERSION = 4.0;
				TARGETED_DEVICE_FAMILY = "1,2";
			};
			name = Debug;
		};
		C4D458511F8021D100565A3F /* Release */ = {
			isa = XCBuildConfiguration;
			baseConfigurationReference = 85F707FB449E088EFD99AE21 /* Pods-QuitSmokingTogether.release.xcconfig */;
			buildSettings = {
				ASSETCATALOG_COMPILER_APPICON_NAME = AppIcon;
				CODE_SIGN_ENTITLEMENTS = QuitSmokingTogether/QuitSmokingTogether.entitlements;
				CODE_SIGN_STYLE = Automatic;
				DEVELOPMENT_TEAM = 4PM46468DE;
				INFOPLIST_FILE = QuitSmokingTogether/Info.plist;
				IPHONEOS_DEPLOYMENT_TARGET = 10.3;
				LD_RUNPATH_SEARCH_PATHS = "$(inherited) @executable_path/Frameworks";
				PRODUCT_BUNDLE_IDENTIFIER = com.diglabstudio.QuitSmokingTogether;
				PRODUCT_NAME = "$(TARGET_NAME)";
				SWIFT_VERSION = 4.0;
				TARGETED_DEVICE_FAMILY = "1,2";
			};
			name = Release;
		};
/* End XCBuildConfiguration section */

/* Begin XCConfigurationList section */
		C4D458351F8021D100565A3F /* Build configuration list for PBXProject "QuitSmokingTogether" */ = {
			isa = XCConfigurationList;
			buildConfigurations = (
				C4D4584D1F8021D100565A3F /* Debug */,
				C4D4584E1F8021D100565A3F /* Release */,
			);
			defaultConfigurationIsVisible = 0;
			defaultConfigurationName = Release;
		};
		C4D4584F1F8021D100565A3F /* Build configuration list for PBXNativeTarget "QuitSmokingTogether" */ = {
			isa = XCConfigurationList;
			buildConfigurations = (
				C4D458501F8021D100565A3F /* Debug */,
				C4D458511F8021D100565A3F /* Release */,
			);
			defaultConfigurationIsVisible = 0;
			defaultConfigurationName = Release;
		};
/* End XCConfigurationList section */
	};
	rootObject = C4D458321F8021D100565A3F /* Project object */;
}
