// !$*UTF8*$!
{
	archiveVersion = 1;
	classes = {
	};
	objectVersion = 48;
	objects = {

/* Begin PBXBuildFile section */
		4B7069F9E91F990C52B2571F /* Pods_QuitSmokingTogether.framework in Frameworks */ = {isa = PBXBuildFile; fileRef = 7C0412BE51CB560767C46C63 /* Pods_QuitSmokingTogether.framework */; };
		C40F53431F9CE1C800DE58A1 /* ReaderText.swift in Sources */ = {isa = PBXBuildFile; fileRef = C40F53421F9CE1C800DE58A1 /* ReaderText.swift */; };
		C410E7CE1F97BC5B00EEFB7B /* UIView+IBInspectable.swift in Sources */ = {isa = PBXBuildFile; fileRef = C410E7CD1F97BC5B00EEFB7B /* UIView+IBInspectable.swift */; };
		C410E7D01F97BEB200EEFB7B /* UIButton+IBInspectable.swift in Sources */ = {isa = PBXBuildFile; fileRef = C410E7CF1F97BEB200EEFB7B /* UIButton+IBInspectable.swift */; };
		C410E7D41F97C67E00EEFB7B /* Advices.swift in Sources */ = {isa = PBXBuildFile; fileRef = C410E7D31F97C67E00EEFB7B /* Advices.swift */; };
		C41B6F0C1FA2486B00B40F93 /* UIViewController+hideKeyboard.swift in Sources */ = {isa = PBXBuildFile; fileRef = C41B6F0B1FA2486B00B40F93 /* UIViewController+hideKeyboard.swift */; };
		C4258EFC1FC2D2AA009FCBC8 /* alex.jpg in Resources */ = {isa = PBXBuildFile; fileRef = C4258EFB1FC2D2AA009FCBC8 /* alex.jpg */; };
		C4258EFE1FC2D2D9009FCBC8 /* qstBook.jpg in Resources */ = {isa = PBXBuildFile; fileRef = C4258EFD1FC2D2D9009FCBC8 /* qstBook.jpg */; };
		C4258F001FC2D338009FCBC8 /* qstBook-bigger.jpg in Resources */ = {isa = PBXBuildFile; fileRef = C4258EFF1FC2D338009FCBC8 /* qstBook-bigger.jpg */; };
		C4258F021FC31D18009FCBC8 /* author-big.jpg in Resources */ = {isa = PBXBuildFile; fileRef = C4258F011FC31D17009FCBC8 /* author-big.jpg */; };
		C4258F041FC4522B009FCBC8 /* DonateVC.swift in Sources */ = {isa = PBXBuildFile; fileRef = C4258F031FC4522B009FCBC8 /* DonateVC.swift */; };
		C4258F061FC46184009FCBC8 /* Browser.swift in Sources */ = {isa = PBXBuildFile; fileRef = C4258F051FC46184009FCBC8 /* Browser.swift */; };
		C4258F081FC463B4009FCBC8 /* AboutVC.swift in Sources */ = {isa = PBXBuildFile; fileRef = C4258F071FC463B4009FCBC8 /* AboutVC.swift */; };
		C429370A1FB9D3B70016A02F /* Advices-ru.plist in Resources */ = {isa = PBXBuildFile; fileRef = C42937091FB9D3B70016A02F /* Advices-ru.plist */; };
		C429370C1FB9E9010016A02F /* UIScrollView+scrollToView.swift in Sources */ = {isa = PBXBuildFile; fileRef = C429370B1FB9E9000016A02F /* UIScrollView+scrollToView.swift */; };
		C455D5871F8CFE75002846D9 /* AlertVC.swift in Sources */ = {isa = PBXBuildFile; fileRef = C455D5861F8CFE75002846D9 /* AlertVC.swift */; };
		C455D58B1F8D0024002846D9 /* SettingsVC.swift in Sources */ = {isa = PBXBuildFile; fileRef = C455D58A1F8D0024002846D9 /* SettingsVC.swift */; };
		C45FE1891FB860350080E172 /* QST-iBook.epub in Resources */ = {isa = PBXBuildFile; fileRef = C45FE1881FB860330080E172 /* QST-iBook.epub */; };
		C461A2C81F8E533400B698FA /* OverviewAdviceCell.swift in Sources */ = {isa = PBXBuildFile; fileRef = C461A2C71F8E533400B698FA /* OverviewAdviceCell.swift */; };
		C461A2CA1F8E534900B698FA /* OverviewHelpCell.swift in Sources */ = {isa = PBXBuildFile; fileRef = C461A2C91F8E534900B698FA /* OverviewHelpCell.swift */; };
		C461A2CC1F8F8F5300B698FA /* TabBarVC.swift in Sources */ = {isa = PBXBuildFile; fileRef = C461A2CB1F8F8F5300B698FA /* TabBarVC.swift */; };
		C461A2CE1F8F957C00B698FA /* Constants.swift in Sources */ = {isa = PBXBuildFile; fileRef = C461A2CD1F8F957C00B698FA /* Constants.swift */; };
		C461A2D21F8F9EF400B698FA /* NavBarVC.swift in Sources */ = {isa = PBXBuildFile; fileRef = C461A2D11F8F9EF400B698FA /* NavBarVC.swift */; };
		C461A2D41F8FB81600B698FA /* ReaderVC.swift in Sources */ = {isa = PBXBuildFile; fileRef = C461A2D31F8FB81600B698FA /* ReaderVC.swift */; };
		C46DFB261FC4888F00A62D69 /* Advices.plist in Resources */ = {isa = PBXBuildFile; fileRef = C46DFB251FC4888F00A62D69 /* Advices.plist */; };
		C46DFB291FC489B000A62D69 /* comp-170531-1.jpg in Resources */ = {isa = PBXBuildFile; fileRef = C46DFB271FC489B000A62D69 /* comp-170531-1.jpg */; };
		C46DFB2A1FC489B000A62D69 /* news-171019-1.jpg in Resources */ = {isa = PBXBuildFile; fileRef = C46DFB281FC489B000A62D69 /* news-171019-1.jpg */; };
		C46DFB2C1FC48B2A00A62D69 /* OverviewEventCell.swift in Sources */ = {isa = PBXBuildFile; fileRef = C46DFB2B1FC48B2A00A62D69 /* OverviewEventCell.swift */; };
		C47317901F8D0C1700A6AE43 /* OverviewReadCell.swift in Sources */ = {isa = PBXBuildFile; fileRef = C473178F1F8D0C1700A6AE43 /* OverviewReadCell.swift */; };
		C47317921F8D1C1600A6AE43 /* Notes and links.rtf in Resources */ = {isa = PBXBuildFile; fileRef = C47317911F8D1C1600A6AE43 /* Notes and links.rtf */; };
		C4A4D3041FA87AE800EC9D50 /* OptAccountCell.swift in Sources */ = {isa = PBXBuildFile; fileRef = C4A4D3031FA87AE800EC9D50 /* OptAccountCell.swift */; };
		C4A4D3061FA87B3F00EC9D50 /* CurrentUser.swift in Sources */ = {isa = PBXBuildFile; fileRef = C4A4D3051FA87B3F00EC9D50 /* CurrentUser.swift */; };
		C4A4D3081FA8C8AC00EC9D50 /* AccountVC.swift in Sources */ = {isa = PBXBuildFile; fileRef = C4A4D3071FA8C8AC00EC9D50 /* AccountVC.swift */; };
		C4A4D30A1FA8D93400EC9D50 /* Typealiases.swift in Sources */ = {isa = PBXBuildFile; fileRef = C4A4D3091FA8D93400EC9D50 /* Typealiases.swift */; };
		C4A4D30D1FAA04FD00EC9D50 /* ValidationErrors.swift in Sources */ = {isa = PBXBuildFile; fileRef = C4A4D30C1FAA04FD00EC9D50 /* ValidationErrors.swift */; };
		C4B057111FC6E32300699B6F /* EventsListVC.swift in Sources */ = {isa = PBXBuildFile; fileRef = C4B057101FC6E32300699B6F /* EventsListVC.swift */; };
		C4B057131FC6E35C00699B6F /* OnlineVC.swift in Sources */ = {isa = PBXBuildFile; fileRef = C4B057121FC6E35C00699B6F /* OnlineVC.swift */; };
		C4B057151FC6FF9400699B6F /* EventCell.swift in Sources */ = {isa = PBXBuildFile; fileRef = C4B057141FC6FF9400699B6F /* EventCell.swift */; };
		C4B0571C1FC81F1200699B6F /* placeHolder.png in Resources */ = {isa = PBXBuildFile; fileRef = C4B0571B1FC81F1200699B6F /* placeHolder.png */; };
		C4B057211FC86E4100699B6F /* EventVC.swift in Sources */ = {isa = PBXBuildFile; fileRef = C4B057201FC86E4100699B6F /* EventVC.swift */; };
		C4B057231FC8852D00699B6F /* EventsList.swift in Sources */ = {isa = PBXBuildFile; fileRef = C4B057221FC8852D00699B6F /* EventsList.swift */; };
		C4B057251FC9806100699B6F /* AccountTVC.swift in Sources */ = {isa = PBXBuildFile; fileRef = C4B057241FC9806100699B6F /* AccountTVC.swift */; };
		C4B8088C1F9DE7430099DA49 /* UserDefaultsManager.swift in Sources */ = {isa = PBXBuildFile; fileRef = C4B8088B1F9DE7430099DA49 /* UserDefaultsManager.swift */; };
		C4B8088E1F9F2CCF0099DA49 /* LoginVC.swift in Sources */ = {isa = PBXBuildFile; fileRef = C4B8088D1F9F2CCF0099DA49 /* LoginVC.swift */; };
		C4B808921F9F36FA0099DA49 /* GoogleService-Info.plist in Resources */ = {isa = PBXBuildFile; fileRef = C4B808911F9F36F60099DA49 /* GoogleService-Info.plist */; };
		C4B808941F9F3C2A0099DA49 /* FirebaseAuthManager.swift in Sources */ = {isa = PBXBuildFile; fileRef = C4B808931F9F3C2A0099DA49 /* FirebaseAuthManager.swift */; };
		C4BF37721FCC3A1500BFD881 /* UIImageView+downloadedFromURL.swift in Sources */ = {isa = PBXBuildFile; fileRef = C4BF37711FCC3A1500BFD881 /* UIImageView+downloadedFromURL.swift */; };
		C4C0EEC11FCEEB1200CA258B /* competitions.jpg in Resources */ = {isa = PBXBuildFile; fileRef = C4C0EEC01FCEEB1100CA258B /* competitions.jpg */; };
		C4C0EEC31FCEEB5100CA258B /* news.jpg in Resources */ = {isa = PBXBuildFile; fileRef = C4C0EEC21FCEEB3300CA258B /* news.jpg */; };
		C4C0EEC51FCEF07C00CA258B /* FirebaseManager.swift in Sources */ = {isa = PBXBuildFile; fileRef = C4C0EEC41FCEF07C00CA258B /* FirebaseManager.swift */; };
		C4C0EEDF1FD040BD00CA258B /* Event.swift in Sources */ = {isa = PBXBuildFile; fileRef = C4C0EEDE1FD040BD00CA258B /* Event.swift */; };
		C4C0EEE11FD0515400CA258B /* FAQ.plist in Resources */ = {isa = PBXBuildFile; fileRef = C4C0EEE01FD0515400CA258B /* FAQ.plist */; };
		C4C0EEE31FD0574100CA258B /* EventsList.plist in Resources */ = {isa = PBXBuildFile; fileRef = C4C0EEE21FD0574100CA258B /* EventsList.plist */; };
		C4CA865F1F94FDCA00A8772D /* FAQ.swift in Sources */ = {isa = PBXBuildFile; fileRef = C4CA865E1F94FDCA00A8772D /* FAQ.swift */; };
		C4CA86681F9641C800A8772D /* FAQAnswerVC.swift in Sources */ = {isa = PBXBuildFile; fileRef = C4CA86671F9641C800A8772D /* FAQAnswerVC.swift */; };
		C4CA866A1F964BA900A8772D /* DLog.swift in Sources */ = {isa = PBXBuildFile; fileRef = C4CA86691F964BA900A8772D /* DLog.swift */; };
		C4CECEDE1F94C877009C85DE /* FAQVC.swift in Sources */ = {isa = PBXBuildFile; fileRef = C4CECEDD1F94C877009C85DE /* FAQVC.swift */; };
		C4CECEE21F94C924009C85DE /* ShareVC.swift in Sources */ = {isa = PBXBuildFile; fileRef = C4CECEE11F94C924009C85DE /* ShareVC.swift */; };
		C4CECEE61F94CDA9009C85DE /* FAQCell.swift in Sources */ = {isa = PBXBuildFile; fileRef = C4CECEE51F94CDA9009C85DE /* FAQCell.swift */; };
		C4D4583E1F8021D100565A3F /* AppDelegate.swift in Sources */ = {isa = PBXBuildFile; fileRef = C4D4583D1F8021D100565A3F /* AppDelegate.swift */; };
		C4D458401F8021D100565A3F /* OverviewVC.swift in Sources */ = {isa = PBXBuildFile; fileRef = C4D4583F1F8021D100565A3F /* OverviewVC.swift */; };
		C4D458431F8021D100565A3F /* Main.storyboard in Resources */ = {isa = PBXBuildFile; fileRef = C4D458411F8021D100565A3F /* Main.storyboard */; };
		C4D458461F8021D100565A3F /* QuitSmokingTogether.xcdatamodeld in Sources */ = {isa = PBXBuildFile; fileRef = C4D458441F8021D100565A3F /* QuitSmokingTogether.xcdatamodeld */; };
		C4D458481F8021D100565A3F /* Assets.xcassets in Resources */ = {isa = PBXBuildFile; fileRef = C4D458471F8021D100565A3F /* Assets.xcassets */; };
		C4D4584B1F8021D100565A3F /* LaunchScreen.storyboard in Resources */ = {isa = PBXBuildFile; fileRef = C4D458491F8021D100565A3F /* LaunchScreen.storyboard */; };
		C4EBF52F1FA5E74A00753D0C /* RegisterVC.swift in Sources */ = {isa = PBXBuildFile; fileRef = C4EBF52E1FA5E74A00753D0C /* RegisterVC.swift */; };
		C4EBF5321FA61BE900753D0C /* HideKeyboard.swift in Sources */ = {isa = PBXBuildFile; fileRef = C4EBF5311FA61BE900753D0C /* HideKeyboard.swift */; };
/* End PBXBuildFile section */

/* Begin PBXFileReference section */
		4838F9FA089BC411AFE9FC69 /* Pods-QuitSmokingTogether.debug.xcconfig */ = {isa = PBXFileReference; includeInIndex = 1; lastKnownFileType = text.xcconfig; name = "Pods-QuitSmokingTogether.debug.xcconfig"; path = "Pods/Target Support Files/Pods-QuitSmokingTogether/Pods-QuitSmokingTogether.debug.xcconfig"; sourceTree = "<group>"; };
		7C0412BE51CB560767C46C63 /* Pods_QuitSmokingTogether.framework */ = {isa = PBXFileReference; explicitFileType = wrapper.framework; includeInIndex = 0; path = Pods_QuitSmokingTogether.framework; sourceTree = BUILT_PRODUCTS_DIR; };
		85F707FB449E088EFD99AE21 /* Pods-QuitSmokingTogether.release.xcconfig */ = {isa = PBXFileReference; includeInIndex = 1; lastKnownFileType = text.xcconfig; name = "Pods-QuitSmokingTogether.release.xcconfig"; path = "Pods/Target Support Files/Pods-QuitSmokingTogether/Pods-QuitSmokingTogether.release.xcconfig"; sourceTree = "<group>"; };
		C40F53421F9CE1C800DE58A1 /* ReaderText.swift */ = {isa = PBXFileReference; lastKnownFileType = sourcecode.swift; path = ReaderText.swift; sourceTree = "<group>"; };
		C410E7CD1F97BC5B00EEFB7B /* UIView+IBInspectable.swift */ = {isa = PBXFileReference; lastKnownFileType = sourcecode.swift; path = "UIView+IBInspectable.swift"; sourceTree = "<group>"; };
		C410E7CF1F97BEB200EEFB7B /* UIButton+IBInspectable.swift */ = {isa = PBXFileReference; lastKnownFileType = sourcecode.swift; path = "UIButton+IBInspectable.swift"; sourceTree = "<group>"; };
		C410E7D31F97C67E00EEFB7B /* Advices.swift */ = {isa = PBXFileReference; lastKnownFileType = sourcecode.swift; path = Advices.swift; sourceTree = "<group>"; };
		C41B6F0B1FA2486B00B40F93 /* UIViewController+hideKeyboard.swift */ = {isa = PBXFileReference; lastKnownFileType = sourcecode.swift; path = "UIViewController+hideKeyboard.swift"; sourceTree = "<group>"; };
		C4258EFB1FC2D2AA009FCBC8 /* alex.jpg */ = {isa = PBXFileReference; lastKnownFileType = image.jpeg; path = alex.jpg; sourceTree = "<group>"; };
		C4258EFD1FC2D2D9009FCBC8 /* qstBook.jpg */ = {isa = PBXFileReference; lastKnownFileType = image.jpeg; path = qstBook.jpg; sourceTree = "<group>"; };
		C4258EFF1FC2D338009FCBC8 /* qstBook-bigger.jpg */ = {isa = PBXFileReference; lastKnownFileType = image.jpeg; path = "qstBook-bigger.jpg"; sourceTree = "<group>"; };
		C4258F011FC31D17009FCBC8 /* author-big.jpg */ = {isa = PBXFileReference; lastKnownFileType = image.jpeg; path = "author-big.jpg"; sourceTree = "<group>"; };
		C4258F031FC4522B009FCBC8 /* DonateVC.swift */ = {isa = PBXFileReference; lastKnownFileType = sourcecode.swift; path = DonateVC.swift; sourceTree = "<group>"; };
		C4258F051FC46184009FCBC8 /* Browser.swift */ = {isa = PBXFileReference; lastKnownFileType = sourcecode.swift; path = Browser.swift; sourceTree = "<group>"; };
		C4258F071FC463B4009FCBC8 /* AboutVC.swift */ = {isa = PBXFileReference; lastKnownFileType = sourcecode.swift; path = AboutVC.swift; sourceTree = "<group>"; };
		C42937091FB9D3B70016A02F /* Advices-ru.plist */ = {isa = PBXFileReference; lastKnownFileType = file.bplist; path = "Advices-ru.plist"; sourceTree = "<group>"; };
		C429370B1FB9E9000016A02F /* UIScrollView+scrollToView.swift */ = {isa = PBXFileReference; lastKnownFileType = sourcecode.swift; path = "UIScrollView+scrollToView.swift"; sourceTree = "<group>"; };
		C455D5861F8CFE75002846D9 /* AlertVC.swift */ = {isa = PBXFileReference; lastKnownFileType = sourcecode.swift; path = AlertVC.swift; sourceTree = "<group>"; };
		C455D58A1F8D0024002846D9 /* SettingsVC.swift */ = {isa = PBXFileReference; lastKnownFileType = sourcecode.swift; path = SettingsVC.swift; sourceTree = "<group>"; };
		C45FE1881FB860330080E172 /* QST-iBook.epub */ = {isa = PBXFileReference; lastKnownFileType = file; path = "QST-iBook.epub"; sourceTree = "<group>"; };
		C461A2C71F8E533400B698FA /* OverviewAdviceCell.swift */ = {isa = PBXFileReference; lastKnownFileType = sourcecode.swift; path = OverviewAdviceCell.swift; sourceTree = "<group>"; };
		C461A2C91F8E534900B698FA /* OverviewHelpCell.swift */ = {isa = PBXFileReference; lastKnownFileType = sourcecode.swift; path = OverviewHelpCell.swift; sourceTree = "<group>"; };
		C461A2CB1F8F8F5300B698FA /* TabBarVC.swift */ = {isa = PBXFileReference; lastKnownFileType = sourcecode.swift; path = TabBarVC.swift; sourceTree = "<group>"; };
		C461A2CD1F8F957C00B698FA /* Constants.swift */ = {isa = PBXFileReference; lastKnownFileType = sourcecode.swift; path = Constants.swift; sourceTree = "<group>"; };
		C461A2D11F8F9EF400B698FA /* NavBarVC.swift */ = {isa = PBXFileReference; lastKnownFileType = sourcecode.swift; path = NavBarVC.swift; sourceTree = "<group>"; };
		C461A2D31F8FB81600B698FA /* ReaderVC.swift */ = {isa = PBXFileReference; lastKnownFileType = sourcecode.swift; path = ReaderVC.swift; sourceTree = "<group>"; };
		C46DFB251FC4888F00A62D69 /* Advices.plist */ = {isa = PBXFileReference; lastKnownFileType = file.bplist; path = Advices.plist; sourceTree = "<group>"; };
		C46DFB271FC489B000A62D69 /* comp-170531-1.jpg */ = {isa = PBXFileReference; lastKnownFileType = image.jpeg; path = "comp-170531-1.jpg"; sourceTree = "<group>"; };
		C46DFB281FC489B000A62D69 /* news-171019-1.jpg */ = {isa = PBXFileReference; lastKnownFileType = image.jpeg; path = "news-171019-1.jpg"; sourceTree = "<group>"; };
		C46DFB2B1FC48B2A00A62D69 /* OverviewEventCell.swift */ = {isa = PBXFileReference; lastKnownFileType = sourcecode.swift; path = OverviewEventCell.swift; sourceTree = "<group>"; };
		C473178F1F8D0C1700A6AE43 /* OverviewReadCell.swift */ = {isa = PBXFileReference; lastKnownFileType = sourcecode.swift; path = OverviewReadCell.swift; sourceTree = "<group>"; };
		C47317911F8D1C1600A6AE43 /* Notes and links.rtf */ = {isa = PBXFileReference; lastKnownFileType = text.rtf; path = "Notes and links.rtf"; sourceTree = "<group>"; };
		C4A4D3031FA87AE800EC9D50 /* OptAccountCell.swift */ = {isa = PBXFileReference; lastKnownFileType = sourcecode.swift; path = OptAccountCell.swift; sourceTree = "<group>"; };
		C4A4D3051FA87B3F00EC9D50 /* CurrentUser.swift */ = {isa = PBXFileReference; lastKnownFileType = sourcecode.swift; path = CurrentUser.swift; sourceTree = "<group>"; };
		C4A4D3071FA8C8AC00EC9D50 /* AccountVC.swift */ = {isa = PBXFileReference; lastKnownFileType = sourcecode.swift; path = AccountVC.swift; sourceTree = "<group>"; };
		C4A4D3091FA8D93400EC9D50 /* Typealiases.swift */ = {isa = PBXFileReference; lastKnownFileType = sourcecode.swift; path = Typealiases.swift; sourceTree = "<group>"; };
		C4A4D30C1FAA04FD00EC9D50 /* ValidationErrors.swift */ = {isa = PBXFileReference; lastKnownFileType = sourcecode.swift; path = ValidationErrors.swift; sourceTree = "<group>"; };
		C4B057101FC6E32300699B6F /* EventsListVC.swift */ = {isa = PBXFileReference; lastKnownFileType = sourcecode.swift; path = EventsListVC.swift; sourceTree = "<group>"; };
		C4B057121FC6E35C00699B6F /* OnlineVC.swift */ = {isa = PBXFileReference; lastKnownFileType = sourcecode.swift; path = OnlineVC.swift; sourceTree = "<group>"; };
		C4B057141FC6FF9400699B6F /* EventCell.swift */ = {isa = PBXFileReference; lastKnownFileType = sourcecode.swift; path = EventCell.swift; sourceTree = "<group>"; };
		C4B0571B1FC81F1200699B6F /* placeHolder.png */ = {isa = PBXFileReference; lastKnownFileType = image.png; path = placeHolder.png; sourceTree = "<group>"; };
		C4B057201FC86E4100699B6F /* EventVC.swift */ = {isa = PBXFileReference; lastKnownFileType = sourcecode.swift; path = EventVC.swift; sourceTree = "<group>"; };
		C4B057221FC8852D00699B6F /* EventsList.swift */ = {isa = PBXFileReference; lastKnownFileType = sourcecode.swift; path = EventsList.swift; sourceTree = "<group>"; };
		C4B057241FC9806100699B6F /* AccountTVC.swift */ = {isa = PBXFileReference; lastKnownFileType = sourcecode.swift; path = AccountTVC.swift; sourceTree = "<group>"; };
		C4B8088B1F9DE7430099DA49 /* UserDefaultsManager.swift */ = {isa = PBXFileReference; lastKnownFileType = sourcecode.swift; path = UserDefaultsManager.swift; sourceTree = "<group>"; };
		C4B8088D1F9F2CCF0099DA49 /* LoginVC.swift */ = {isa = PBXFileReference; lastKnownFileType = sourcecode.swift; path = LoginVC.swift; sourceTree = "<group>"; };
		C4B808911F9F36F60099DA49 /* GoogleService-Info.plist */ = {isa = PBXFileReference; lastKnownFileType = text.plist.xml; path = "GoogleService-Info.plist"; sourceTree = "<group>"; };
		C4B808931F9F3C2A0099DA49 /* FirebaseAuthManager.swift */ = {isa = PBXFileReference; lastKnownFileType = sourcecode.swift; path = FirebaseAuthManager.swift; sourceTree = "<group>"; };
		C4B808971F9F8AB80099DA49 /* QuitSmokingTogether.entitlements */ = {isa = PBXFileReference; lastKnownFileType = text.plist.entitlements; path = QuitSmokingTogether.entitlements; sourceTree = "<group>"; };
		C4BF37711FCC3A1500BFD881 /* UIImageView+downloadedFromURL.swift */ = {isa = PBXFileReference; lastKnownFileType = sourcecode.swift; path = "UIImageView+downloadedFromURL.swift"; sourceTree = "<group>"; };
		C4C0EEC01FCEEB1100CA258B /* competitions.jpg */ = {isa = PBXFileReference; lastKnownFileType = image.jpeg; path = competitions.jpg; sourceTree = "<group>"; };
		C4C0EEC21FCEEB3300CA258B /* news.jpg */ = {isa = PBXFileReference; lastKnownFileType = image.jpeg; path = news.jpg; sourceTree = "<group>"; };
		C4C0EEC41FCEF07C00CA258B /* FirebaseManager.swift */ = {isa = PBXFileReference; lastKnownFileType = sourcecode.swift; path = FirebaseManager.swift; sourceTree = "<group>"; };
		C4C0EEDE1FD040BD00CA258B /* Event.swift */ = {isa = PBXFileReference; lastKnownFileType = sourcecode.swift; path = Event.swift; sourceTree = "<group>"; };
		C4C0EEE01FD0515400CA258B /* FAQ.plist */ = {isa = PBXFileReference; lastKnownFileType = file.bplist; path = FAQ.plist; sourceTree = "<group>"; };
		C4C0EEE21FD0574100CA258B /* EventsList.plist */ = {isa = PBXFileReference; lastKnownFileType = file.bplist; path = EventsList.plist; sourceTree = "<group>"; };
		C4CA865E1F94FDCA00A8772D /* FAQ.swift */ = {isa = PBXFileReference; lastKnownFileType = sourcecode.swift; path = FAQ.swift; sourceTree = "<group>"; };
		C4CA86671F9641C800A8772D /* FAQAnswerVC.swift */ = {isa = PBXFileReference; lastKnownFileType = sourcecode.swift; path = FAQAnswerVC.swift; sourceTree = "<group>"; };
		C4CA86691F964BA900A8772D /* DLog.swift */ = {isa = PBXFileReference; lastKnownFileType = sourcecode.swift; path = DLog.swift; sourceTree = "<group>"; };
		C4CECEDD1F94C877009C85DE /* FAQVC.swift */ = {isa = PBXFileReference; lastKnownFileType = sourcecode.swift; path = FAQVC.swift; sourceTree = "<group>"; };
		C4CECEE11F94C924009C85DE /* ShareVC.swift */ = {isa = PBXFileReference; lastKnownFileType = sourcecode.swift; path = ShareVC.swift; sourceTree = "<group>"; };
		C4CECEE51F94CDA9009C85DE /* FAQCell.swift */ = {isa = PBXFileReference; lastKnownFileType = sourcecode.swift; path = FAQCell.swift; sourceTree = "<group>"; };
		C4D4583A1F8021D100565A3F /* QuitSmokingTogether.app */ = {isa = PBXFileReference; explicitFileType = wrapper.application; includeInIndex = 0; path = QuitSmokingTogether.app; sourceTree = BUILT_PRODUCTS_DIR; };
		C4D4583D1F8021D100565A3F /* AppDelegate.swift */ = {isa = PBXFileReference; lastKnownFileType = sourcecode.swift; path = AppDelegate.swift; sourceTree = "<group>"; };
		C4D4583F1F8021D100565A3F /* OverviewVC.swift */ = {isa = PBXFileReference; lastKnownFileType = sourcecode.swift; path = OverviewVC.swift; sourceTree = "<group>"; };
		C4D458421F8021D100565A3F /* Base */ = {isa = PBXFileReference; lastKnownFileType = file.storyboard; name = Base; path = Base.lproj/Main.storyboard; sourceTree = "<group>"; };
		C4D458451F8021D100565A3F /* QuitSmokingTogether.xcdatamodel */ = {isa = PBXFileReference; lastKnownFileType = wrapper.xcdatamodel; path = QuitSmokingTogether.xcdatamodel; sourceTree = "<group>"; };
		C4D458471F8021D100565A3F /* Assets.xcassets */ = {isa = PBXFileReference; lastKnownFileType = folder.assetcatalog; path = Assets.xcassets; sourceTree = "<group>"; };
		C4D4584A1F8021D100565A3F /* Base */ = {isa = PBXFileReference; lastKnownFileType = file.storyboard; name = Base; path = Base.lproj/LaunchScreen.storyboard; sourceTree = "<group>"; };
		C4D4584C1F8021D100565A3F /* Info.plist */ = {isa = PBXFileReference; lastKnownFileType = text.plist.xml; path = Info.plist; sourceTree = "<group>"; };
		C4EBF52E1FA5E74A00753D0C /* RegisterVC.swift */ = {isa = PBXFileReference; lastKnownFileType = sourcecode.swift; path = RegisterVC.swift; sourceTree = "<group>"; };
		C4EBF5311FA61BE900753D0C /* HideKeyboard.swift */ = {isa = PBXFileReference; lastKnownFileType = sourcecode.swift; path = HideKeyboard.swift; sourceTree = "<group>"; };
/* End PBXFileReference section */

/* Begin PBXFrameworksBuildPhase section */
		C4D458371F8021D100565A3F /* Frameworks */ = {
			isa = PBXFrameworksBuildPhase;
			buildActionMask = 2147483647;
			files = (
				4B7069F9E91F990C52B2571F /* Pods_QuitSmokingTogether.framework in Frameworks */,
			);
			runOnlyForDeploymentPostprocessing = 0;
		};
/* End PBXFrameworksBuildPhase section */

/* Begin PBXGroup section */
		5ABB916E2CA389C3627DA8AE /* Frameworks */ = {
			isa = PBXGroup;
			children = (
				7C0412BE51CB560767C46C63 /* Pods_QuitSmokingTogether.framework */,
			);
			name = Frameworks;
			sourceTree = "<group>";
		};
		6E455732F72EA1314EB7E9B8 /* Pods */ = {
			isa = PBXGroup;
			children = (
				4838F9FA089BC411AFE9FC69 /* Pods-QuitSmokingTogether.debug.xcconfig */,
				85F707FB449E088EFD99AE21 /* Pods-QuitSmokingTogether.release.xcconfig */,
			);
			name = Pods;
			sourceTree = "<group>";
		};
		C410E7CC1F97BB7300EEFB7B /* Extensions */ = {
			isa = PBXGroup;
			children = (
				C410E7CD1F97BC5B00EEFB7B /* UIView+IBInspectable.swift */,
				C410E7CF1F97BEB200EEFB7B /* UIButton+IBInspectable.swift */,
				C41B6F0B1FA2486B00B40F93 /* UIViewController+hideKeyboard.swift */,
				C429370B1FB9E9000016A02F /* UIScrollView+scrollToView.swift */,
				C4BF37711FCC3A1500BFD881 /* UIImageView+downloadedFromURL.swift */,
			);
			path = Extensions;
			sourceTree = "<group>";
		};
		C4258EFA1FC2D291009FCBC8 /* Images */ = {
			isa = PBXGroup;
			children = (
				C4C0EEC21FCEEB3300CA258B /* news.jpg */,
				C4C0EEC01FCEEB1100CA258B /* competitions.jpg */,
				C4B0571B1FC81F1200699B6F /* placeHolder.png */,
				C46DFB271FC489B000A62D69 /* comp-170531-1.jpg */,
				C46DFB281FC489B000A62D69 /* news-171019-1.jpg */,
				C4258F011FC31D17009FCBC8 /* author-big.jpg */,
				C4258EFB1FC2D2AA009FCBC8 /* alex.jpg */,
				C4258EFD1FC2D2D9009FCBC8 /* qstBook.jpg */,
				C4258EFF1FC2D338009FCBC8 /* qstBook-bigger.jpg */,
			);
			path = Images;
			sourceTree = "<group>";
		};
		C43624151F98DD3700ECD14A /* Books */ = {
			isa = PBXGroup;
			children = (
				C45FE1881FB860330080E172 /* QST-iBook.epub */,
			);
			path = Books;
			sourceTree = "<group>";
		};
		C455D5821F8CFDEE002846D9 /* Model */ = {
			isa = PBXGroup;
			children = (
				C461A2CD1F8F957C00B698FA /* Constants.swift */,
				C410E7D31F97C67E00EEFB7B /* Advices.swift */,
				C4CA865E1F94FDCA00A8772D /* FAQ.swift */,
				C4CA86691F964BA900A8772D /* DLog.swift */,
				C40F53421F9CE1C800DE58A1 /* ReaderText.swift */,
				C4B8088B1F9DE7430099DA49 /* UserDefaultsManager.swift */,
				C4B808931F9F3C2A0099DA49 /* FirebaseAuthManager.swift */,
				C4A4D3051FA87B3F00EC9D50 /* CurrentUser.swift */,
				C4A4D3091FA8D93400EC9D50 /* Typealiases.swift */,
				C4A4D30C1FAA04FD00EC9D50 /* ValidationErrors.swift */,
				C4258F051FC46184009FCBC8 /* Browser.swift */,
				C4C0EEDE1FD040BD00CA258B /* Event.swift */,
				C4B057221FC8852D00699B6F /* EventsList.swift */,
				C4C0EEC41FCEF07C00CA258B /* FirebaseManager.swift */,
			);
			path = Model;
			sourceTree = "<group>";
		};
		C455D5831F8CFDF7002846D9 /* View */ = {
			isa = PBXGroup;
			children = (
				C4D458411F8021D100565A3F /* Main.storyboard */,
				C4D458491F8021D100565A3F /* LaunchScreen.storyboard */,
				C4CECEE71F94CDB5009C85DE /* Cells */,
			);
			path = View;
			sourceTree = "<group>";
		};
		C455D5841F8CFDFD002846D9 /* Controller */ = {
			isa = PBXGroup;
			children = (
				C4CECEE01F94C89B009C85DE /* Common */,
				C4B8088D1F9F2CCF0099DA49 /* LoginVC.swift */,
				C4EBF52E1FA5E74A00753D0C /* RegisterVC.swift */,
				C4D4583F1F8021D100565A3F /* OverviewVC.swift */,
				C461A2D31F8FB81600B698FA /* ReaderVC.swift */,
				C4B057121FC6E35C00699B6F /* OnlineVC.swift */,
				C4B0571D1FC81F8300699B6F /* Events */,
				C4CECEDF1F94C886009C85DE /* Settings */,
			);
			name = Controller;
			sourceTree = "<group>";
		};
		C455D5851F8CFE1C002846D9 /* Resources */ = {
			isa = PBXGroup;
			children = (
				C4258EFA1FC2D291009FCBC8 /* Images */,
				C43624151F98DD3700ECD14A /* Books */,
				C4D458471F8021D100565A3F /* Assets.xcassets */,
				C46DFB251FC4888F00A62D69 /* Advices.plist */,
				C42937091FB9D3B70016A02F /* Advices-ru.plist */,
				C4C0EEE01FD0515400CA258B /* FAQ.plist */,
				C4C0EEE21FD0574100CA258B /* EventsList.plist */,
				C4D458441F8021D100565A3F /* QuitSmokingTogether.xcdatamodeld */,
				C47317911F8D1C1600A6AE43 /* Notes and links.rtf */,
				C4B808911F9F36F60099DA49 /* GoogleService-Info.plist */,
			);
			path = Resources;
			sourceTree = "<group>";
		};
		C46DFB2F1FC48C6F00A62D69 /* Overview */ = {
			isa = PBXGroup;
			children = (
				C473178F1F8D0C1700A6AE43 /* OverviewReadCell.swift */,
				C461A2C71F8E533400B698FA /* OverviewAdviceCell.swift */,
				C46DFB2B1FC48B2A00A62D69 /* OverviewEventCell.swift */,
				C461A2C91F8E534900B698FA /* OverviewHelpCell.swift */,
			);
			path = Overview;
			sourceTree = "<group>";
		};
		C4B0571D1FC81F8300699B6F /* Events */ = {
			isa = PBXGroup;
			children = (
				C4B057101FC6E32300699B6F /* EventsListVC.swift */,
				C4B057201FC86E4100699B6F /* EventVC.swift */,
			);
			name = Events;
			sourceTree = "<group>";
		};
		C4CECEDF1F94C886009C85DE /* Settings */ = {
			isa = PBXGroup;
			children = (
				C455D58A1F8D0024002846D9 /* SettingsVC.swift */,
				C4B057241FC9806100699B6F /* AccountTVC.swift */,
				C4A4D3071FA8C8AC00EC9D50 /* AccountVC.swift */,
				C4CECEDD1F94C877009C85DE /* FAQVC.swift */,
				C4CECEE11F94C924009C85DE /* ShareVC.swift */,
				C4258F031FC4522B009FCBC8 /* DonateVC.swift */,
				C4CA86671F9641C800A8772D /* FAQAnswerVC.swift */,
				C4258F071FC463B4009FCBC8 /* AboutVC.swift */,
			);
			name = Settings;
			sourceTree = "<group>";
		};
		C4CECEE01F94C89B009C85DE /* Common */ = {
			isa = PBXGroup;
			children = (
				C455D5861F8CFE75002846D9 /* AlertVC.swift */,
				C461A2CB1F8F8F5300B698FA /* TabBarVC.swift */,
				C461A2D11F8F9EF400B698FA /* NavBarVC.swift */,
			);
			name = Common;
			sourceTree = "<group>";
		};
		C4CECEE71F94CDB5009C85DE /* Cells */ = {
			isa = PBXGroup;
			children = (
				C46DFB2F1FC48C6F00A62D69 /* Overview */,
				C4B057141FC6FF9400699B6F /* EventCell.swift */,
				C4A4D3031FA87AE800EC9D50 /* OptAccountCell.swift */,
				C4CECEE51F94CDA9009C85DE /* FAQCell.swift */,
			);
			path = Cells;
			sourceTree = "<group>";
		};
		C4D458311F8021D100565A3F = {
			isa = PBXGroup;
			children = (
				C4D4583C1F8021D100565A3F /* QuitSmokingTogether */,
				C4D4583B1F8021D100565A3F /* Products */,
				6E455732F72EA1314EB7E9B8 /* Pods */,
				5ABB916E2CA389C3627DA8AE /* Frameworks */,
			);
			sourceTree = "<group>";
		};
		C4D4583B1F8021D100565A3F /* Products */ = {
			isa = PBXGroup;
			children = (
				C4D4583A1F8021D100565A3F /* QuitSmokingTogether.app */,
			);
			name = Products;
			sourceTree = "<group>";
		};
		C4D4583C1F8021D100565A3F /* QuitSmokingTogether */ = {
			isa = PBXGroup;
			children = (
				C4B808971F9F8AB80099DA49 /* QuitSmokingTogether.entitlements */,
				C4D4584C1F8021D100565A3F /* Info.plist */,
				C410E7CC1F97BB7300EEFB7B /* Extensions */,
				C4EBF5301FA61B8D00753D0C /* Protocols */,
				C455D5851F8CFE1C002846D9 /* Resources */,
				C455D5821F8CFDEE002846D9 /* Model */,
				C455D5831F8CFDF7002846D9 /* View */,
				C455D5841F8CFDFD002846D9 /* Controller */,
				C4D4583D1F8021D100565A3F /* AppDelegate.swift */,
			);
			path = QuitSmokingTogether;
			sourceTree = "<group>";
		};
		C4EBF5301FA61B8D00753D0C /* Protocols */ = {
			isa = PBXGroup;
			children = (
				C4EBF5311FA61BE900753D0C /* HideKeyboard.swift */,
			);
			path = Protocols;
			sourceTree = "<group>";
		};
/* End PBXGroup section */

/* Begin PBXNativeTarget section */
		C4D458391F8021D100565A3F /* QuitSmokingTogether */ = {
			isa = PBXNativeTarget;
			buildConfigurationList = C4D4584F1F8021D100565A3F /* Build configuration list for PBXNativeTarget "QuitSmokingTogether" */;
			buildPhases = (
				349ADD414F63CA720249E8AB /* [CP] Check Pods Manifest.lock */,
				C4D458361F8021D100565A3F /* Sources */,
				C4D458371F8021D100565A3F /* Frameworks */,
				C4D458381F8021D100565A3F /* Resources */,
				A7A29138BD9DF0759917F895 /* [CP] Embed Pods Frameworks */,
				362AD6050148D82E8CBF66A2 /* [CP] Copy Pods Resources */,
			);
			buildRules = (
			);
			dependencies = (
			);
			name = QuitSmokingTogether;
			productName = QuitSmokingTogether;
			productReference = C4D4583A1F8021D100565A3F /* QuitSmokingTogether.app */;
			productType = "com.apple.product-type.application";
		};
/* End PBXNativeTarget section */

/* Begin PBXProject section */
		C4D458321F8021D100565A3F /* Project object */ = {
			isa = PBXProject;
			attributes = {
				LastSwiftUpdateCheck = 0900;
				LastUpgradeCheck = 0900;
				ORGANIZATIONNAME = "Yaroslav Zhurbilo";
				TargetAttributes = {
					C4D458391F8021D100565A3F = {
						CreatedOnToolsVersion = 9.0;
						ProvisioningStyle = Automatic;
						SystemCapabilities = {
							com.apple.Keychain = {
								enabled = 1;
							};
						};
					};
				};
			};
			buildConfigurationList = C4D458351F8021D100565A3F /* Build configuration list for PBXProject "QuitSmokingTogether" */;
			compatibilityVersion = "Xcode 8.0";
			developmentRegion = en;
			hasScannedForEncodings = 0;
			knownRegions = (
				en,
				Base,
			);
			mainGroup = C4D458311F8021D100565A3F;
			productRefGroup = C4D4583B1F8021D100565A3F /* Products */;
			projectDirPath = "";
			projectRoot = "";
			targets = (
				C4D458391F8021D100565A3F /* QuitSmokingTogether */,
			);
		};
/* End PBXProject section */

/* Begin PBXResourcesBuildPhase section */
		C4D458381F8021D100565A3F /* Resources */ = {
			isa = PBXResourcesBuildPhase;
			buildActionMask = 2147483647;
			files = (
				C4B808921F9F36FA0099DA49 /* GoogleService-Info.plist in Resources */,
				C4258F001FC2D338009FCBC8 /* qstBook-bigger.jpg in Resources */,
				C4C0EEC31FCEEB5100CA258B /* news.jpg in Resources */,
				C45FE1891FB860350080E172 /* QST-iBook.epub in Resources */,
				C46DFB2A1FC489B000A62D69 /* news-171019-1.jpg in Resources */,
				C4C0EEC11FCEEB1200CA258B /* competitions.jpg in Resources */,
				C4D4584B1F8021D100565A3F /* LaunchScreen.storyboard in Resources */,
				C4C0EEE11FD0515400CA258B /* FAQ.plist in Resources */,
				C4B0571C1FC81F1200699B6F /* placeHolder.png in Resources */,
				C4D458481F8021D100565A3F /* Assets.xcassets in Resources */,
				C4258EFC1FC2D2AA009FCBC8 /* alex.jpg in Resources */,
				C46DFB261FC4888F00A62D69 /* Advices.plist in Resources */,
				C47317921F8D1C1600A6AE43 /* Notes and links.rtf in Resources */,
				C429370A1FB9D3B70016A02F /* Advices-ru.plist in Resources */,
				C4C0EEE31FD0574100CA258B /* EventsList.plist in Resources */,
				C4D458431F8021D100565A3F /* Main.storyboard in Resources */,
				C46DFB291FC489B000A62D69 /* comp-170531-1.jpg in Resources */,
				C4258EFE1FC2D2D9009FCBC8 /* qstBook.jpg in Resources */,
				C4258F021FC31D18009FCBC8 /* author-big.jpg in Resources */,
			);
			runOnlyForDeploymentPostprocessing = 0;
		};
/* End PBXResourcesBuildPhase section */

/* Begin PBXShellScriptBuildPhase section */
		349ADD414F63CA720249E8AB /* [CP] Check Pods Manifest.lock */ = {
			isa = PBXShellScriptBuildPhase;
			buildActionMask = 2147483647;
			files = (
			);
			inputPaths = (
			);
			name = "[CP] Check Pods Manifest.lock";
			outputPaths = (
			);
			runOnlyForDeploymentPostprocessing = 0;
			shellPath = /bin/sh;
			shellScript = "diff \"${PODS_PODFILE_DIR_PATH}/Podfile.lock\" \"${PODS_ROOT}/Manifest.lock\" > /dev/null\nif [ $? != 0 ] ; then\n    # print error to STDERR\n    echo \"error: The sandbox is not in sync with the Podfile.lock. Run 'pod install' or update your CocoaPods installation.\" >&2\n    exit 1\nfi\n";
			showEnvVarsInLog = 0;
		};
		362AD6050148D82E8CBF66A2 /* [CP] Copy Pods Resources */ = {
			isa = PBXShellScriptBuildPhase;
			buildActionMask = 2147483647;
			files = (
			);
			inputPaths = (
			);
			name = "[CP] Copy Pods Resources";
			outputPaths = (
			);
			runOnlyForDeploymentPostprocessing = 0;
			shellPath = /bin/sh;
			shellScript = "\"${SRCROOT}/Pods/Target Support Files/Pods-QuitSmokingTogether/Pods-QuitSmokingTogether-resources.sh\"\n";
			showEnvVarsInLog = 0;
		};
		A7A29138BD9DF0759917F895 /* [CP] Embed Pods Frameworks */ = {
			isa = PBXShellScriptBuildPhase;
			buildActionMask = 2147483647;
			files = (
			);
			inputPaths = (
			);
			name = "[CP] Embed Pods Frameworks";
			outputPaths = (
			);
			runOnlyForDeploymentPostprocessing = 0;
			shellPath = /bin/sh;
			shellScript = "\"${SRCROOT}/Pods/Target Support Files/Pods-QuitSmokingTogether/Pods-QuitSmokingTogether-frameworks.sh\"\n";
			showEnvVarsInLog = 0;
		};
/* End PBXShellScriptBuildPhase section */

/* Begin PBXSourcesBuildPhase section */
		C4D458361F8021D100565A3F /* Sources */ = {
			isa = PBXSourcesBuildPhase;
			buildActionMask = 2147483647;
			files = (
				C4CECEE61F94CDA9009C85DE /* FAQCell.swift in Sources */,
				C4D458401F8021D100565A3F /* OverviewVC.swift in Sources */,
				C4CA866A1F964BA900A8772D /* DLog.swift in Sources */,
				C4B808941F9F3C2A0099DA49 /* FirebaseAuthManager.swift in Sources */,
				C410E7CE1F97BC5B00EEFB7B /* UIView+IBInspectable.swift in Sources */,
				C4BF37721FCC3A1500BFD881 /* UIImageView+downloadedFromURL.swift in Sources */,
				C461A2D41F8FB81600B698FA /* ReaderVC.swift in Sources */,
				C4258F081FC463B4009FCBC8 /* AboutVC.swift in Sources */,
				C4A4D30D1FAA04FD00EC9D50 /* ValidationErrors.swift in Sources */,
				C4258F061FC46184009FCBC8 /* Browser.swift in Sources */,
				C4CECEDE1F94C877009C85DE /* FAQVC.swift in Sources */,
				C461A2CA1F8E534900B698FA /* OverviewHelpCell.swift in Sources */,
				C4C0EEC51FCEF07C00CA258B /* FirebaseManager.swift in Sources */,
				C455D5871F8CFE75002846D9 /* AlertVC.swift in Sources */,
				C41B6F0C1FA2486B00B40F93 /* UIViewController+hideKeyboard.swift in Sources */,
				C4EBF5321FA61BE900753D0C /* HideKeyboard.swift in Sources */,
				C4A4D3081FA8C8AC00EC9D50 /* AccountVC.swift in Sources */,
				C4B057131FC6E35C00699B6F /* OnlineVC.swift in Sources */,
				C4258F041FC4522B009FCBC8 /* DonateVC.swift in Sources */,
				C4CA865F1F94FDCA00A8772D /* FAQ.swift in Sources */,
				C4B057231FC8852D00699B6F /* EventsList.swift in Sources */,
				C4B057151FC6FF9400699B6F /* EventCell.swift in Sources */,
				C4B057111FC6E32300699B6F /* EventsListVC.swift in Sources */,
				C4A4D3041FA87AE800EC9D50 /* OptAccountCell.swift in Sources */,
				C4D4583E1F8021D100565A3F /* AppDelegate.swift in Sources */,
				C4A4D3061FA87B3F00EC9D50 /* CurrentUser.swift in Sources */,
				C4A4D30A1FA8D93400EC9D50 /* Typealiases.swift in Sources */,
				C46DFB2C1FC48B2A00A62D69 /* OverviewEventCell.swift in Sources */,
				C461A2CC1F8F8F5300B698FA /* TabBarVC.swift in Sources */,
				C4B8088C1F9DE7430099DA49 /* UserDefaultsManager.swift in Sources */,
				C40F53431F9CE1C800DE58A1 /* ReaderText.swift in Sources */,
				C4C0EEDF1FD040BD00CA258B /* Event.swift in Sources */,
				C461A2CE1F8F957C00B698FA /* Constants.swift in Sources */,
				C4CECEE21F94C924009C85DE /* ShareVC.swift in Sources */,
				C410E7D01F97BEB200EEFB7B /* UIButton+IBInspectable.swift in Sources */,
				C4B057251FC9806100699B6F /* AccountTVC.swift in Sources */,
				C47317901F8D0C1700A6AE43 /* OverviewReadCell.swift in Sources */,
				C461A2D21F8F9EF400B698FA /* NavBarVC.swift in Sources */,
				C4CA86681F9641C800A8772D /* FAQAnswerVC.swift in Sources */,
				C4D458461F8021D100565A3F /* QuitSmokingTogether.xcdatamodeld in Sources */,
				C429370C1FB9E9010016A02F /* UIScrollView+scrollToView.swift in Sources */,
				C4B8088E1F9F2CCF0099DA49 /* LoginVC.swift in Sources */,
				C461A2C81F8E533400B698FA /* OverviewAdviceCell.swift in Sources */,
				C4EBF52F1FA5E74A00753D0C /* RegisterVC.swift in Sources */,
				C410E7D41F97C67E00EEFB7B /* Advices.swift in Sources */,
				C455D58B1F8D0024002846D9 /* SettingsVC.swift in Sources */,
				C4B057211FC86E4100699B6F /* EventVC.swift in Sources */,
			);
			runOnlyForDeploymentPostprocessing = 0;
		};
/* End PBXSourcesBuildPhase section */

/* Begin PBXVariantGroup section */
		C4D458411F8021D100565A3F /* Main.storyboard */ = {
			isa = PBXVariantGroup;
			children = (
				C4D458421F8021D100565A3F /* Base */,
			);
			name = Main.storyboard;
			sourceTree = "<group>";
		};
		C4D458491F8021D100565A3F /* LaunchScreen.storyboard */ = {
			isa = PBXVariantGroup;
			children = (
				C4D4584A1F8021D100565A3F /* Base */,
			);
			name = LaunchScreen.storyboard;
			sourceTree = "<group>";
		};
/* End PBXVariantGroup section */

/* Begin XCBuildConfiguration section */
		C4D4584D1F8021D100565A3F /* Debug */ = {
			isa = XCBuildConfiguration;
			buildSettings = {
				ALWAYS_SEARCH_USER_PATHS = NO;
				CLANG_ANALYZER_NONNULL = YES;
				CLANG_ANALYZER_NUMBER_OBJECT_CONVERSION = YES_AGGRESSIVE;
				CLANG_CXX_LANGUAGE_STANDARD = "gnu++14";
				CLANG_CXX_LIBRARY = "libc++";
				CLANG_ENABLE_MODULES = YES;
				CLANG_ENABLE_OBJC_ARC = YES;
				CLANG_WARN_BLOCK_CAPTURE_AUTORELEASING = YES;
				CLANG_WARN_BOOL_CONVERSION = YES;
				CLANG_WARN_COMMA = YES;
				CLANG_WARN_CONSTANT_CONVERSION = YES;
				CLANG_WARN_DIRECT_OBJC_ISA_USAGE = YES_ERROR;
				CLANG_WARN_DOCUMENTATION_COMMENTS = YES;
				CLANG_WARN_EMPTY_BODY = YES;
				CLANG_WARN_ENUM_CONVERSION = YES;
				CLANG_WARN_INFINITE_RECURSION = YES;
				CLANG_WARN_INT_CONVERSION = YES;
				CLANG_WARN_NON_LITERAL_NULL_CONVERSION = YES;
				CLANG_WARN_OBJC_LITERAL_CONVERSION = YES;
				CLANG_WARN_OBJC_ROOT_CLASS = YES_ERROR;
				CLANG_WARN_RANGE_LOOP_ANALYSIS = YES;
				CLANG_WARN_STRICT_PROTOTYPES = YES;
				CLANG_WARN_SUSPICIOUS_MOVE = YES;
				CLANG_WARN_UNGUARDED_AVAILABILITY = YES_AGGRESSIVE;
				CLANG_WARN_UNREACHABLE_CODE = YES;
				CLANG_WARN__DUPLICATE_METHOD_MATCH = YES;
				CODE_SIGN_IDENTITY = "iPhone Developer";
				COPY_PHASE_STRIP = NO;
				DEBUG_INFORMATION_FORMAT = dwarf;
				ENABLE_STRICT_OBJC_MSGSEND = YES;
				ENABLE_TESTABILITY = YES;
				GCC_C_LANGUAGE_STANDARD = gnu11;
				GCC_DYNAMIC_NO_PIC = NO;
				GCC_NO_COMMON_BLOCKS = YES;
				GCC_OPTIMIZATION_LEVEL = 0;
				GCC_PREPROCESSOR_DEFINITIONS = (
					"DEBUG=1",
					"$(inherited)",
				);
				GCC_WARN_64_TO_32_BIT_CONVERSION = YES;
				GCC_WARN_ABOUT_RETURN_TYPE = YES_ERROR;
				GCC_WARN_UNDECLARED_SELECTOR = YES;
				GCC_WARN_UNINITIALIZED_AUTOS = YES_AGGRESSIVE;
				GCC_WARN_UNUSED_FUNCTION = YES;
				GCC_WARN_UNUSED_VARIABLE = YES;
				IPHONEOS_DEPLOYMENT_TARGET = 11.0;
				MTL_ENABLE_DEBUG_INFO = YES;
				ONLY_ACTIVE_ARCH = YES;
				SDKROOT = iphoneos;
				SWIFT_ACTIVE_COMPILATION_CONDITIONS = DEBUG;
				SWIFT_OPTIMIZATION_LEVEL = "-Onone";
			};
			name = Debug;
		};
		C4D4584E1F8021D100565A3F /* Release */ = {
			isa = XCBuildConfiguration;
			buildSettings = {
				ALWAYS_SEARCH_USER_PATHS = NO;
				CLANG_ANALYZER_NONNULL = YES;
				CLANG_ANALYZER_NUMBER_OBJECT_CONVERSION = YES_AGGRESSIVE;
				CLANG_CXX_LANGUAGE_STANDARD = "gnu++14";
				CLANG_CXX_LIBRARY = "libc++";
				CLANG_ENABLE_MODULES = YES;
				CLANG_ENABLE_OBJC_ARC = YES;
				CLANG_WARN_BLOCK_CAPTURE_AUTORELEASING = YES;
				CLANG_WARN_BOOL_CONVERSION = YES;
				CLANG_WARN_COMMA = YES;
				CLANG_WARN_CONSTANT_CONVERSION = YES;
				CLANG_WARN_DIRECT_OBJC_ISA_USAGE = YES_ERROR;
				CLANG_WARN_DOCUMENTATION_COMMENTS = YES;
				CLANG_WARN_EMPTY_BODY = YES;
				CLANG_WARN_ENUM_CONVERSION = YES;
				CLANG_WARN_INFINITE_RECURSION = YES;
				CLANG_WARN_INT_CONVERSION = YES;
				CLANG_WARN_NON_LITERAL_NULL_CONVERSION = YES;
				CLANG_WARN_OBJC_LITERAL_CONVERSION = YES;
				CLANG_WARN_OBJC_ROOT_CLASS = YES_ERROR;
				CLANG_WARN_RANGE_LOOP_ANALYSIS = YES;
				CLANG_WARN_STRICT_PROTOTYPES = YES;
				CLANG_WARN_SUSPICIOUS_MOVE = YES;
				CLANG_WARN_UNGUARDED_AVAILABILITY = YES_AGGRESSIVE;
				CLANG_WARN_UNREACHABLE_CODE = YES;
				CLANG_WARN__DUPLICATE_METHOD_MATCH = YES;
				CODE_SIGN_IDENTITY = "iPhone Developer";
				COPY_PHASE_STRIP = NO;
				DEBUG_INFORMATION_FORMAT = "dwarf-with-dsym";
				ENABLE_NS_ASSERTIONS = NO;
				ENABLE_STRICT_OBJC_MSGSEND = YES;
				GCC_C_LANGUAGE_STANDARD = gnu11;
				GCC_NO_COMMON_BLOCKS = YES;
				GCC_WARN_64_TO_32_BIT_CONVERSION = YES;
				GCC_WARN_ABOUT_RETURN_TYPE = YES_ERROR;
				GCC_WARN_UNDECLARED_SELECTOR = YES;
				GCC_WARN_UNINITIALIZED_AUTOS = YES_AGGRESSIVE;
				GCC_WARN_UNUSED_FUNCTION = YES;
				GCC_WARN_UNUSED_VARIABLE = YES;
				IPHONEOS_DEPLOYMENT_TARGET = 11.0;
				MTL_ENABLE_DEBUG_INFO = NO;
				SDKROOT = iphoneos;
				SWIFT_OPTIMIZATION_LEVEL = "-Owholemodule";
				VALIDATE_PRODUCT = YES;
			};
			name = Release;
		};
		C4D458501F8021D100565A3F /* Debug */ = {
			isa = XCBuildConfiguration;
			baseConfigurationReference = 4838F9FA089BC411AFE9FC69 /* Pods-QuitSmokingTogether.debug.xcconfig */;
			buildSettings = {
				ASSETCATALOG_COMPILER_APPICON_NAME = AppIcon;
				CODE_SIGN_ENTITLEMENTS = QuitSmokingTogether/QuitSmokingTogether.entitlements;
				CODE_SIGN_STYLE = Automatic;
				DEVELOPMENT_TEAM = 4PM46468DE;
				INFOPLIST_FILE = QuitSmokingTogether/Info.plist;
				IPHONEOS_DEPLOYMENT_TARGET = 10.0;
				LD_RUNPATH_SEARCH_PATHS = "$(inherited) @executable_path/Frameworks";
				PRODUCT_BUNDLE_IDENTIFIER = com.diglabstudio.QuitSmokingTogether;
				PRODUCT_NAME = "$(TARGET_NAME)";
				SWIFT_VERSION = 4.0;
				TARGETED_DEVICE_FAMILY = "1,2";
			};
			name = Debug;
		};
		C4D458511F8021D100565A3F /* Release */ = {
			isa = XCBuildConfiguration;
			baseConfigurationReference = 85F707FB449E088EFD99AE21 /* Pods-QuitSmokingTogether.release.xcconfig */;
			buildSettings = {
				ASSETCATALOG_COMPILER_APPICON_NAME = AppIcon;
				CODE_SIGN_ENTITLEMENTS = QuitSmokingTogether/QuitSmokingTogether.entitlements;
				CODE_SIGN_STYLE = Automatic;
				DEVELOPMENT_TEAM = 4PM46468DE;
				INFOPLIST_FILE = QuitSmokingTogether/Info.plist;
				IPHONEOS_DEPLOYMENT_TARGET = 10.0;
				LD_RUNPATH_SEARCH_PATHS = "$(inherited) @executable_path/Frameworks";
				PRODUCT_BUNDLE_IDENTIFIER = com.diglabstudio.QuitSmokingTogether;
				PRODUCT_NAME = "$(TARGET_NAME)";
				SWIFT_VERSION = 4.0;
				TARGETED_DEVICE_FAMILY = "1,2";
			};
			name = Release;
		};
/* End XCBuildConfiguration section */

/* Begin XCConfigurationList section */
		C4D458351F8021D100565A3F /* Build configuration list for PBXProject "QuitSmokingTogether" */ = {
			isa = XCConfigurationList;
			buildConfigurations = (
				C4D4584D1F8021D100565A3F /* Debug */,
				C4D4584E1F8021D100565A3F /* Release */,
			);
			defaultConfigurationIsVisible = 0;
			defaultConfigurationName = Release;
		};
		C4D4584F1F8021D100565A3F /* Build configuration list for PBXNativeTarget "QuitSmokingTogether" */ = {
			isa = XCConfigurationList;
			buildConfigurations = (
				C4D458501F8021D100565A3F /* Debug */,
				C4D458511F8021D100565A3F /* Release */,
			);
			defaultConfigurationIsVisible = 0;
			defaultConfigurationName = Release;
		};
/* End XCConfigurationList section */

/* Begin XCVersionGroup section */
		C4D458441F8021D100565A3F /* QuitSmokingTogether.xcdatamodeld */ = {
			isa = XCVersionGroup;
			children = (
				C4D458451F8021D100565A3F /* QuitSmokingTogether.xcdatamodel */,
			);
			currentVersion = C4D458451F8021D100565A3F /* QuitSmokingTogether.xcdatamodel */;
			path = QuitSmokingTogether.xcdatamodeld;
			sourceTree = "<group>";
			versionGroupType = wrapper.xcdatamodel;
		};
/* End XCVersionGroup section */
	};
	rootObject = C4D458321F8021D100565A3F /* Project object */;
}
